// !$*UTF8*$!
{
	archiveVersion = 1;
	classes = {
	};
	objectVersion = 46;
	objects = {

/* Begin PBXBuildFile section */
		00ABDE5F4607401BBCC62234 /* FirebaseAnalytics.framework in Frameworks */ = {isa = PBXBuildFile; fileRef = 220984CB46C542BCBDFAE9AD /* FirebaseAnalytics.framework */; };
		0207DA581B56EA530066E2B4 /* Images.xcassets in Resources */ = {isa = PBXBuildFile; fileRef = 0207DA571B56EA530066E2B4 /* Images.xcassets */; };
		0254D47E40974A5792114CE7 /* FirebasePerformance.framework in Frameworks */ = {isa = PBXBuildFile; fileRef = 31DC4658BF124A1DA0DD79EE /* FirebasePerformance.framework */; };
		06A9ACBBB2FE4B5096D7CFCE /* GoogleAppMeasurement.framework in Frameworks */ = {isa = PBXBuildFile; fileRef = FCE98FDF9F034F81AE661E6A /* GoogleAppMeasurement.framework */; };
		0A4F09260E6D4B898309BD9C /* Diagnostic_Microphone.m in Sources */ = {isa = PBXBuildFile; fileRef = 2287823766AA499985A7E5A1 /* Diagnostic_Microphone.m */; };
		0B8E8DED5C154C1DA1838D09 /* CDVFile.m in Sources */ = {isa = PBXBuildFile; fileRef = 0CCC0A6DE5D5437781CF2B6D /* CDVFile.m */; };
		0EEA01CA03F74458AE9772B2 /* FirebaseRemoteConfig.framework in Frameworks */ = {isa = PBXBuildFile; fileRef = 6DE63FF81628404C8E7FA4CF /* FirebaseRemoteConfig.framework */; };
		1562F29E63EF47738E0703E3 /* UserNotifications.framework in Frameworks */ = {isa = PBXBuildFile; fileRef = 29A5BB73F1CF4738B3FBF64E /* UserNotifications.framework */; };
		1D3623260D0F684500981E51 /* AppDelegate.m in Sources */ = {isa = PBXBuildFile; fileRef = 1D3623250D0F684500981E51 /* AppDelegate.m */; };
		1D60589B0D05DD56006BFB54 /* main.m in Sources */ = {isa = PBXBuildFile; fileRef = 29B97316FDCFA39411CA2CEA /* main.m */; };
		25FF9D3294254C76ABC8BAA5 /* CDVLocalFilesystem.m in Sources */ = {isa = PBXBuildFile; fileRef = 5D7676E502594D8FAA3548DD /* CDVLocalFilesystem.m */; };
		26CE87C150544385825FBCDD /* nanopb.framework in Frameworks */ = {isa = PBXBuildFile; fileRef = CBAD718F7DBD446FA3CDE953 /* nanopb.framework */; };
		29F0E3EACDB54A6BBF2DCA9E /* Diagnostic_Motion.m in Sources */ = {isa = PBXBuildFile; fileRef = 2E119CFCF2814AE680445322 /* Diagnostic_Motion.m */; };
		2CA15038454B4E6AB4B6B8D3 /* GTMSessionFetcher.framework in Frameworks */ = {isa = PBXBuildFile; fileRef = A8FA89B1ADF646359B470ADC /* GTMSessionFetcher.framework */; };
		301BF552109A68D80062928A /* libCordova.a in Frameworks */ = {isa = PBXBuildFile; fileRef = 301BF535109A57CC0062928A /* libCordova.a */; settings = {ATTRIBUTES = (Required, ); }; };
		302D95F114D2391D003F00A1 /* MainViewController.m in Sources */ = {isa = PBXBuildFile; fileRef = 302D95EF14D2391D003F00A1 /* MainViewController.m */; };
		302D95F214D2391D003F00A1 /* MainViewController.xib in Resources */ = {isa = PBXBuildFile; fileRef = 302D95F014D2391D003F00A1 /* MainViewController.xib */; };
		307AE002AAB34EDC9FBD1676 /* WE_CordovaLogger.m in Sources */ = {isa = PBXBuildFile; fileRef = 70D21C7F42E14FC1BED6AB1E /* WE_CordovaLogger.m */; };
		30A1C5F8BA254FB6ACFF31FF /* WebKit.framework in Frameworks */ = {isa = PBXBuildFile; fileRef = 1AA031D12982401F9745A9A5 /* WebKit.framework */; settings = {ATTRIBUTES = (Weak, ); }; };
		347BD47EE8AD4728A601199D /* MapKit.framework in Frameworks */ = {isa = PBXBuildFile; fileRef = 6988634F34E24F87B2B1B7E5 /* MapKit.framework */; };
		3A94BC8A962E4806906218FC /* CDVViewController+SplashScreen.m in Sources */ = {isa = PBXBuildFile; fileRef = B3AD703199E349DAAC875C5E /* CDVViewController+SplashScreen.m */; };
		3CE5ED7A36AE4565B25C47B4 /* AVFoundation.framework in Frameworks */ = {isa = PBXBuildFile; fileRef = 448602BEEA854CA880AE106B /* AVFoundation.framework */; };
		3E798BC921B24208AFC4A7E2 /* Diagnostic_Camera.m in Sources */ = {isa = PBXBuildFile; fileRef = 759FC2B10187477B934BB264 /* Diagnostic_Camera.m */; };
		4242236501D3430E8D132BF9 /* AppDelegate+FirebasePlugin.m in Sources */ = {isa = PBXBuildFile; fileRef = 5E950F85909841D297AD0AAF /* AppDelegate+FirebasePlugin.m */; };
		45B7F2AD998F4960A17D995F /* CDVWKWebViewEngine.m in Sources */ = {isa = PBXBuildFile; fileRef = 938447C012024B03A2AC7C39 /* CDVWKWebViewEngine.m */; };
		48A2C9B712744A558B209E3E /* FirebaseInstanceID.framework in Frameworks */ = {isa = PBXBuildFile; fileRef = A7A6FAA29D924179864F517D /* FirebaseInstanceID.framework */; };
		494715A93B1A430F9928C124 /* CDVLocation.m in Sources */ = {isa = PBXBuildFile; fileRef = 20C9E22B43A8464D911CE93A /* CDVLocation.m */; };
		4CA861456A9041848B9F9B66 /* CDVWKProcessPoolFactory.m in Sources */ = {isa = PBXBuildFile; fileRef = 860288D5846F4BEB948F631B /* CDVWKProcessPoolFactory.m */; };
		505830EA97644B3981B15A80 /* Diagnostic_Location.m in Sources */ = {isa = PBXBuildFile; fileRef = AC2789A8C44F4387939C130E /* Diagnostic_Location.m */; };
		514727ADB041411EB5527CA5 /* EventKit.framework in Frameworks */ = {isa = PBXBuildFile; fileRef = 387038631CCF4FAB969D2B05 /* EventKit.framework */; };
		55E7D93F9F784D7CB028FA4D /* FirebaseABTesting.framework in Frameworks */ = {isa = PBXBuildFile; fileRef = 8A33CBAA5E1C43E984234AB6 /* FirebaseABTesting.framework */; };
		566A5D1478934107878E5477 /* UNNotificationRequest+APPLocalNotification.m in Sources */ = {isa = PBXBuildFile; fileRef = 17FF72CE374F437B9FF69330 /* UNNotificationRequest+APPLocalNotification.m */; };
		5853A20AF1E94C47B7E0CCA1 /* APPLocalNotification.m in Sources */ = {isa = PBXBuildFile; fileRef = C95D0D10E4464488AB794597 /* APPLocalNotification.m */; };
		59492D77E7104D29ABBF2880 /* FirebasePlugin.m in Sources */ = {isa = PBXBuildFile; fileRef = C3A9188CBE134CFE932F56E5 /* FirebasePlugin.m */; };
		5A325C74E9FD45BCA56A84F5 /* CDVConnection.m in Sources */ = {isa = PBXBuildFile; fileRef = C9E838F7EE574AFABE7876D1 /* CDVConnection.m */; };
		5F9BFD1BDEC84FFEAAF3FE3D /* WE_Logger.m in Sources */ = {isa = PBXBuildFile; fileRef = A975F260EC0E4FF5A1FD8766 /* WE_Logger.m */; };
		61BDDD22912045FB9AB15D49 /* FirebaseAuth.framework in Frameworks */ = {isa = PBXBuildFile; fileRef = 3C642B36696E454391DF4328 /* FirebaseAuth.framework */; };
		62A692A7557948D8B5801F18 /* IONAssetHandler.m in Sources */ = {isa = PBXBuildFile; fileRef = F72E7AC4AF8047B6BF4B18F1 /* IONAssetHandler.m */; };
		64A6748E53C24212A13BF51E /* Contacts.framework in Frameworks */ = {isa = PBXBuildFile; fileRef = 32EDEA7E78F64AFDB35863F8 /* Contacts.framework */; };
		65DCD085D9074FD5B40A6EEA /* ActionSheet.m in Sources */ = {isa = PBXBuildFile; fileRef = 265885D7B8FF4E888559323F /* ActionSheet.m */; };
		6810DACC05C24778A343F05C /* Diagnostic_Wifi.m in Sources */ = {isa = PBXBuildFile; fileRef = 61E7920B911341FF85C80C71 /* Diagnostic_Wifi.m */; };
		6870D5589961428AB88EBB11 /* CDVDevice.m in Sources */ = {isa = PBXBuildFile; fileRef = 047FBCDC78A04A46806D0817 /* CDVDevice.m */; };
		6AF59CA1FA92460C82DBD6A6 /* APPNotificationOptions.m in Sources */ = {isa = PBXBuildFile; fileRef = 01E7EE93F1364C1290C3C74E /* APPNotificationOptions.m */; };
		6AFF5BF91D6E424B00AB3073 /* CDVLaunchScreen.storyboard in Resources */ = {isa = PBXBuildFile; fileRef = 6AFF5BF81D6E424B00AB3073 /* CDVLaunchScreen.storyboard */; };
		6DC6701F2FC84EE3811445B1 /* CDVIonicKeyboard.m in Sources */ = {isa = PBXBuildFile; fileRef = 438F251D8BF54C8EAECB10A8 /* CDVIonicKeyboard.m */; };
		7973AF1FAE1842F88C5D4448 /* FirebaseMessaging.framework in Frameworks */ = {isa = PBXBuildFile; fileRef = 43E29692FBE94517A7778BF1 /* FirebaseMessaging.framework */; };
		7AFEF6CA72014CF28247ABA3 /* Diagnostic_Calendar.m in Sources */ = {isa = PBXBuildFile; fileRef = E36C2876B3DB40C4836EA42D /* Diagnostic_Calendar.m */; };
		7FFF8032A4D849899934A6AF /* CDVNotification.m in Sources */ = {isa = PBXBuildFile; fileRef = 86A5A899588E433E9C72FF97 /* CDVNotification.m */; };
		82899CFBFF4149C9BF283B17 /* MeasurementNanoPB.framework in Frameworks */ = {isa = PBXBuildFile; fileRef = 558ABFA038C54F4A87808D1D /* MeasurementNanoPB.framework */; };
		836F86782281494FADC49A9C /* CDVAssetLibraryFilesystem.m in Sources */ = {isa = PBXBuildFile; fileRef = 29AEF9108EF84DA48D2BEA94 /* CDVAssetLibraryFilesystem.m */; };
		857849DC3B2244F3BD14489A /* UNUserNotificationCenter+APPLocalNotification.m in Sources */ = {isa = PBXBuildFile; fileRef = 9F6922ADF0A5406A9910E505 /* UNUserNotificationCenter+APPLocalNotification.m */; };
		8CE99D8EE15840FD8F1DFF1C /* AddressBook.framework in Frameworks */ = {isa = PBXBuildFile; fileRef = 664D837FD4A840B8B0A036C0 /* AddressBook.framework */; };
		93530447D0AC40E493796034 /* CDVReachability.m in Sources */ = {isa = PBXBuildFile; fileRef = EC1D4350E6534A23A37EAA20 /* CDVReachability.m */; };
		996AAEE5BB0040218725F0D0 /* Diagnostic_Contacts.m in Sources */ = {isa = PBXBuildFile; fileRef = 8AB1251EF61C4B408621AF75 /* Diagnostic_Contacts.m */; };
		9A2D1B283A7F413DB608BD9D /* GoogleService-Info.plist in Resources */ = {isa = PBXBuildFile; fileRef = 9A8A9360B1F94F9382159053 /* GoogleService-Info.plist */; };
		A0E429FB7AF64F0CB932F427 /* RequestLocationAccuracy.m in Sources */ = {isa = PBXBuildFile; fileRef = 30FC456B28DB496F9102C845 /* RequestLocationAccuracy.m */; };
		A18BE367575E42369A149990 /* Photos.framework in Frameworks */ = {isa = PBXBuildFile; fileRef = B11D6A3F429943ACB356E1E4 /* Photos.framework */; };
		A258222DE9444C559B1CE3B0 /* Diagnostic.m in Sources */ = {isa = PBXBuildFile; fileRef = A5DADA67DA2E4A84AFA63484 /* Diagnostic.m */; };
		A2DBD7D8CC54426EA7F2EAC2 /* NativeGeocoder.swift in Sources */ = {isa = PBXBuildFile; fileRef = 0255E65A54124F5DA52E54E9 /* NativeGeocoder.swift */; };
		ACBA5FB524DB45D7B417BF22 /* APPBadge.m in Sources */ = {isa = PBXBuildFile; fileRef = D5366E7870A14DCD84E8BFC2 /* APPBadge.m */; };
		ADA4FCCDEDE84FBDBFB6F22B /* LaunchNavigatorPlugin.m in Sources */ = {isa = PBXBuildFile; fileRef = 723A6B3A932E48189E060487 /* LaunchNavigatorPlugin.m */; };
		B15DA72C799C428CBA46B9E0 /* CDVWKWebViewUIDelegate.m in Sources */ = {isa = PBXBuildFile; fileRef = DD83EDC8854B40CB9DB621AE /* CDVWKWebViewUIDelegate.m */; };
		B5DFA7F1ADDE44AA909D2B1D /* LN_Reachability.m in Sources */ = {isa = PBXBuildFile; fileRef = 1772673819AD450092D206CA /* LN_Reachability.m */; };
		B61C10F106534027B0A102E6 /* CoreLocation.framework in Frameworks */ = {isa = PBXBuildFile; fileRef = 881B26B0A0E64AA59ECF0285 /* CoreLocation.framework */; };
		BD3C5B40648A4C308F2BEA2C /* Crashlytics.framework in Frameworks */ = {isa = PBXBuildFile; fileRef = A4A0A09786574BA4AE118616 /* Crashlytics.framework */; };
		BD5B02C2DAD846AABCE7CF78 /* SystemConfiguration.framework in Frameworks */ = {isa = PBXBuildFile; fileRef = EF250F60AFDB4EA1A766B8A0 /* SystemConfiguration.framework */; settings = {ATTRIBUTES = (Weak, ); }; };
		BE39E5E4518740529C1A0CF1 /* GoogleUtilities.framework in Frameworks */ = {isa = PBXBuildFile; fileRef = 4A04CF03EDF94A43B2F77EDC /* GoogleUtilities.framework */; };
		C1E19C6622D2486CA8391FA5 /* CoreTelephony.framework in Frameworks */ = {isa = PBXBuildFile; fileRef = E1397C2319CB4E8DAAA3160E /* CoreTelephony.framework */; };
		C4748AE4EB4F4DA0A51FAF7B /* CoreMotion.framework in Frameworks */ = {isa = PBXBuildFile; fileRef = C18C50A8EE3B4615961B5EC4 /* CoreMotion.framework */; };
		CED5844E9DA94A04A43488B1 /* Diagnostic_Notifications.m in Sources */ = {isa = PBXBuildFile; fileRef = A38A7F5B629A419889EF2263 /* Diagnostic_Notifications.m */; };
		CFD385A3ABBE414A8C0DF4BB /* GoogleToolboxForMac.framework in Frameworks */ = {isa = PBXBuildFile; fileRef = CCE19615A9A64E65B7AE4201 /* GoogleToolboxForMac.framework */; };
		D0E8C4F165BA454EA332E452 /* Diagnostic_Reminders.m in Sources */ = {isa = PBXBuildFile; fileRef = 00DB6C9CF6BC44DB88B4BD3C /* Diagnostic_Reminders.m */; };
		D35E99885A38458884007AEF /* CoreBluetooth.framework in Frameworks */ = {isa = PBXBuildFile; fileRef = 3C140DE4545846929C4626F0 /* CoreBluetooth.framework */; };
		D40C45EB2BA64DA187BF9CED /* Protobuf.framework in Frameworks */ = {isa = PBXBuildFile; fileRef = 92CF0D687C9B4DE7A2EC2CDF /* Protobuf.framework */; };
		E331AD17ED27492AA9FB72FA /* FirebaseCore.framework in Frameworks */ = {isa = PBXBuildFile; fileRef = 590C59454E27409BACBA248B /* FirebaseCore.framework */; };
		E56CF40C9E7F4A0581B07915 /* Diagnostic_Bluetooth.m in Sources */ = {isa = PBXBuildFile; fileRef = 1505E83853F842B9A5A07D38 /* Diagnostic_Bluetooth.m */; };
		E60180975E5643528F7309B7 /* libz.tbd in Frameworks */ = {isa = PBXBuildFile; fileRef = D7B9EB5915784E059A57B1F0 /* libz.tbd */; };
		E72A308D3BFB4B96B6B48B69 /* APPNotificationContent.m in Sources */ = {isa = PBXBuildFile; fileRef = 88CED14C02104EF48D450358 /* APPNotificationContent.m */; };
		EC78BDEE69D04C0D83D74352 /* LN_LaunchNavigator.m in Sources */ = {isa = PBXBuildFile; fileRef = 639CFFDEE6A3478792CE4613 /* LN_LaunchNavigator.m */; };
		F033897C2E0943E3AE3693F8 /* Fabric.framework in Frameworks */ = {isa = PBXBuildFile; fileRef = DCCE0470B17248DB86C3BA34 /* Fabric.framework */; };
		F419C6398BB244A7837D8661 /* CDVNotification.bundle in Resources */ = {isa = PBXBuildFile; fileRef = 709263BE926C4AD6B2A40113 /* CDVNotification.bundle */; };
		F7B7B43697814BED92C1A228 /* CDVSplashScreen.m in Sources */ = {isa = PBXBuildFile; fileRef = 4EB7A9B9169D4615B0D92E6B /* CDVSplashScreen.m */; };
		F85D8764936C413A865446A2 /* FirebaseCoreDiagnostics.framework in Frameworks */ = {isa = PBXBuildFile; fileRef = CB83320C7FB045A9B423C1D7 /* FirebaseCoreDiagnostics.framework */; };
		FDF024CE94304C6282265504 /* AudioToolbox.framework in Frameworks */ = {isa = PBXBuildFile; fileRef = 83B8FCAD7E024BE693897E99 /* AudioToolbox.framework */; settings = {ATTRIBUTES = (Weak, ); }; };
		8391D30D0C2449B29F6A2750 /* CDVInAppBrowser.m in Sources */ = {isa = PBXBuildFile; fileRef = A7F78F54F9A74B0691C8B605 /* CDVInAppBrowser.m */; };
		1CE8BFDCE26B4E9A82C77012 /* CDVInAppBrowserOptions.m in Sources */ = {isa = PBXBuildFile; fileRef = B921F18DF1754AABABA68E64 /* CDVInAppBrowserOptions.m */; };
		84DE462A381C4EF3BF64D712 /* CDVInAppBrowserNavigationController.m in Sources */ = {isa = PBXBuildFile; fileRef = 373D2B7F00F64D46BACAA944 /* CDVInAppBrowserNavigationController.m */; };
		7AF26BC321634D7490DCC8B1 /* CDVUIInAppBrowser.m in Sources */ = {isa = PBXBuildFile; fileRef = 35D78EE89ABE4DDBA2CAD925 /* CDVUIInAppBrowser.m */; };
		A3954A9C4DEA45A4873DF61F /* CDVWKInAppBrowser.m in Sources */ = {isa = PBXBuildFile; fileRef = 3EBEFF9E67294283BED11585 /* CDVWKInAppBrowser.m */; };
		43F637E779134AA1897F0AF6 /* CDVWKInAppBrowserUIDelegate.m in Sources */ = {isa = PBXBuildFile; fileRef = 7F64050CC7ED4040BC33677C /* CDVWKInAppBrowserUIDelegate.m */; };
		0DAD1EA227ED4998A6998FE1 /* CDVSpinnerDialog.m in Sources */ = {isa = PBXBuildFile; fileRef = 6A8A1B354F6E48BAA55CA78F /* CDVSpinnerDialog.m */; };
/* End PBXBuildFile section */

/* Begin PBXContainerItemProxy section */
		301BF534109A57CC0062928A /* PBXContainerItemProxy */ = {
			isa = PBXContainerItemProxy;
			containerPortal = 301BF52D109A57CC0062928A /* CordovaLib.xcodeproj */;
			proxyType = 2;
			remoteGlobalIDString = D2AAC07E0554694100DB518D;
			remoteInfo = CordovaLib;
		};
		301BF550109A68C00062928A /* PBXContainerItemProxy */ = {
			isa = PBXContainerItemProxy;
			containerPortal = 301BF52D109A57CC0062928A /* CordovaLib.xcodeproj */;
			proxyType = 1;
			remoteGlobalIDString = D2AAC07D0554694100DB518D;
			remoteInfo = CordovaLib;
		};
		907D8123214C687600058A10 /* PBXContainerItemProxy */ = {
			isa = PBXContainerItemProxy;
			containerPortal = 301BF52D109A57CC0062928A /* CordovaLib.xcodeproj */;
			proxyType = 2;
			remoteGlobalIDString = C0C01EB21E3911D50056E6CB;
			remoteInfo = Cordova;
		};
/* End PBXContainerItemProxy section */

/* Begin PBXFileReference section */
		00DB6C9CF6BC44DB88B4BD3C /* Diagnostic_Reminders.m */ = {isa = PBXFileReference; explicitFileType = undefined; fileEncoding = 4; includeInIndex = 0; lastKnownFileType = sourcecode.c.objc; name = Diagnostic_Reminders.m; path = cordova.plugins.diagnostic/Diagnostic_Reminders.m; sourceTree = "<group>"; };
		011B284DB5524FEE9D656428 /* CDVNotification.h */ = {isa = PBXFileReference; explicitFileType = undefined; fileEncoding = 4; includeInIndex = 0; lastKnownFileType = sourcecode.c.h; name = CDVNotification.h; path = "cordova-plugin-dialogs/CDVNotification.h"; sourceTree = "<group>"; };
		01E7EE93F1364C1290C3C74E /* APPNotificationOptions.m */ = {isa = PBXFileReference; explicitFileType = undefined; fileEncoding = 4; includeInIndex = 0; lastKnownFileType = sourcecode.c.objc; name = APPNotificationOptions.m; path = "cordova-plugin-local-notification/APPNotificationOptions.m"; sourceTree = "<group>"; };
		0207DA571B56EA530066E2B4 /* Images.xcassets */ = {isa = PBXFileReference; lastKnownFileType = folder.assetcatalog; name = Images.xcassets; path = HurryBunny/Images.xcassets; sourceTree = SOURCE_ROOT; };
		0255E65A54124F5DA52E54E9 /* NativeGeocoder.swift */ = {isa = PBXFileReference; explicitFileType = undefined; fileEncoding = 4; includeInIndex = 0; lastKnownFileType = sourcecode.swift; name = NativeGeocoder.swift; path = "cordova-plugin-nativegeocoder/NativeGeocoder.swift"; sourceTree = "<group>"; };
		047FBCDC78A04A46806D0817 /* CDVDevice.m */ = {isa = PBXFileReference; explicitFileType = undefined; fileEncoding = 4; includeInIndex = 0; lastKnownFileType = sourcecode.c.objc; name = CDVDevice.m; path = "cordova-plugin-device/CDVDevice.m"; sourceTree = "<group>"; };
		06BAFC23941449B6BF776205 /* RequestLocationAccuracy.h */ = {isa = PBXFileReference; explicitFileType = undefined; fileEncoding = 4; includeInIndex = 0; lastKnownFileType = sourcecode.c.h; name = RequestLocationAccuracy.h; path = "cordova-plugin-request-location-accuracy/RequestLocationAccuracy.h"; sourceTree = "<group>"; };
		0738660DD7D848E198D06A17 /* CDVLocation.h */ = {isa = PBXFileReference; explicitFileType = undefined; fileEncoding = 4; includeInIndex = 0; lastKnownFileType = sourcecode.c.h; name = CDVLocation.h; path = "cordova-plugin-geolocation/CDVLocation.h"; sourceTree = "<group>"; };
		073E4C2BB6A240D8B339856D /* CDVWKWebViewEngine.h */ = {isa = PBXFileReference; explicitFileType = undefined; fileEncoding = 4; includeInIndex = 0; lastKnownFileType = sourcecode.c.h; name = CDVWKWebViewEngine.h; path = "cordova-plugin-wkwebview-engine/CDVWKWebViewEngine.h"; sourceTree = "<group>"; };
		0CCC0A6DE5D5437781CF2B6D /* CDVFile.m */ = {isa = PBXFileReference; explicitFileType = undefined; fileEncoding = 4; includeInIndex = 0; lastKnownFileType = sourcecode.c.objc; name = CDVFile.m; path = "cordova-plugin-file/CDVFile.m"; sourceTree = "<group>"; };
		122B7D3E427D435BBAACA816 /* LaunchNavigatorPlugin.h */ = {isa = PBXFileReference; explicitFileType = undefined; fileEncoding = 4; includeInIndex = 0; lastKnownFileType = sourcecode.c.h; name = LaunchNavigatorPlugin.h; path = uk.co.workingedge.phonegap.plugin.launchnavigator/LaunchNavigatorPlugin.h; sourceTree = "<group>"; };
		13106A26A6294E07A8DBC94D /* AppDelegate+FirebasePlugin.h */ = {isa = PBXFileReference; explicitFileType = undefined; fileEncoding = 4; includeInIndex = 0; lastKnownFileType = sourcecode.c.h; name = "AppDelegate+FirebasePlugin.h"; path = "cordova-plugin-firebase/AppDelegate+FirebasePlugin.h"; sourceTree = "<group>"; };
		1505E83853F842B9A5A07D38 /* Diagnostic_Bluetooth.m */ = {isa = PBXFileReference; explicitFileType = undefined; fileEncoding = 4; includeInIndex = 0; lastKnownFileType = sourcecode.c.objc; name = Diagnostic_Bluetooth.m; path = cordova.plugins.diagnostic/Diagnostic_Bluetooth.m; sourceTree = "<group>"; };
		1772673819AD450092D206CA /* LN_Reachability.m */ = {isa = PBXFileReference; explicitFileType = undefined; fileEncoding = 4; includeInIndex = 0; lastKnownFileType = sourcecode.c.objc; name = LN_Reachability.m; path = uk.co.workingedge.phonegap.plugin.launchnavigator/LN_Reachability.m; sourceTree = "<group>"; };
		17FF72CE374F437B9FF69330 /* UNNotificationRequest+APPLocalNotification.m */ = {isa = PBXFileReference; explicitFileType = undefined; fileEncoding = 4; includeInIndex = 0; lastKnownFileType = sourcecode.c.objc; name = "UNNotificationRequest+APPLocalNotification.m"; path = "cordova-plugin-local-notification/UNNotificationRequest+APPLocalNotification.m"; sourceTree = "<group>"; };
		1AA031D12982401F9745A9A5 /* WebKit.framework */ = {isa = PBXFileReference; explicitFileType = undefined; fileEncoding = 9; includeInIndex = 0; lastKnownFileType = wrapper.framework; name = WebKit.framework; path = System/Library/Frameworks/WebKit.framework; sourceTree = SDKROOT; };
		1D3623240D0F684500981E51 /* AppDelegate.h */ = {isa = PBXFileReference; fileEncoding = 4; lastKnownFileType = sourcecode.c.h; path = AppDelegate.h; sourceTree = "<group>"; };
		1D3623250D0F684500981E51 /* AppDelegate.m */ = {isa = PBXFileReference; fileEncoding = 4; lastKnownFileType = sourcecode.c.objc; path = AppDelegate.m; sourceTree = "<group>"; };
		1D6058910D05DD3D006BFB54 /* HurryBunny.app */ = {isa = PBXFileReference; explicitFileType = wrapper.application; includeInIndex = 0; path = HurryBunny.app; sourceTree = BUILT_PRODUCTS_DIR; };
		20C9E22B43A8464D911CE93A /* CDVLocation.m */ = {isa = PBXFileReference; explicitFileType = undefined; fileEncoding = 4; includeInIndex = 0; lastKnownFileType = sourcecode.c.objc; name = CDVLocation.m; path = "cordova-plugin-geolocation/CDVLocation.m"; sourceTree = "<group>"; };
		2110929CB3CD407791C5A40B /* CDVWKWebViewEngine.h */ = {isa = PBXFileReference; explicitFileType = undefined; fileEncoding = 4; includeInIndex = 0; lastKnownFileType = sourcecode.c.h; name = CDVWKWebViewEngine.h; path = "cordova-plugin-ionic-webview/CDVWKWebViewEngine.h"; sourceTree = "<group>"; };
		218A6F46771F40AD85E8E1F0 /* FirebasePlugin.h */ = {isa = PBXFileReference; explicitFileType = undefined; fileEncoding = 4; includeInIndex = 0; lastKnownFileType = sourcecode.c.h; name = FirebasePlugin.h; path = "cordova-plugin-firebase/FirebasePlugin.h"; sourceTree = "<group>"; };
		220984CB46C542BCBDFAE9AD /* FirebaseAnalytics.framework */ = {isa = PBXFileReference; explicitFileType = undefined; fileEncoding = 9; includeInIndex = 0; lastKnownFileType = wrapper.framework; name = FirebaseAnalytics.framework; path = "HurryBunny/Plugins/cordova-plugin-firebase/FirebaseAnalytics.framework"; sourceTree = "<group>"; };
		2287823766AA499985A7E5A1 /* Diagnostic_Microphone.m */ = {isa = PBXFileReference; explicitFileType = undefined; fileEncoding = 4; includeInIndex = 0; lastKnownFileType = sourcecode.c.objc; name = Diagnostic_Microphone.m; path = cordova.plugins.diagnostic/Diagnostic_Microphone.m; sourceTree = "<group>"; };
		265885D7B8FF4E888559323F /* ActionSheet.m */ = {isa = PBXFileReference; explicitFileType = undefined; fileEncoding = 4; includeInIndex = 0; lastKnownFileType = sourcecode.c.objc; name = ActionSheet.m; path = "cordova-plugin-actionsheet/ActionSheet.m"; sourceTree = "<group>"; };
		29A5BB73F1CF4738B3FBF64E /* UserNotifications.framework */ = {isa = PBXFileReference; explicitFileType = undefined; fileEncoding = 9; includeInIndex = 0; lastKnownFileType = wrapper.framework; name = UserNotifications.framework; path = System/Library/Frameworks/UserNotifications.framework; sourceTree = SDKROOT; };
		29AEF9108EF84DA48D2BEA94 /* CDVAssetLibraryFilesystem.m */ = {isa = PBXFileReference; explicitFileType = undefined; fileEncoding = 4; includeInIndex = 0; lastKnownFileType = sourcecode.c.objc; name = CDVAssetLibraryFilesystem.m; path = "cordova-plugin-file/CDVAssetLibraryFilesystem.m"; sourceTree = "<group>"; };
		29B97316FDCFA39411CA2CEA /* main.m */ = {isa = PBXFileReference; fileEncoding = 4; lastKnownFileType = sourcecode.c.objc; path = main.m; sourceTree = "<group>"; };
		2E119CFCF2814AE680445322 /* Diagnostic_Motion.m */ = {isa = PBXFileReference; explicitFileType = undefined; fileEncoding = 4; includeInIndex = 0; lastKnownFileType = sourcecode.c.objc; name = Diagnostic_Motion.m; path = cordova.plugins.diagnostic/Diagnostic_Motion.m; sourceTree = "<group>"; };
		301BF52D109A57CC0062928A /* CordovaLib.xcodeproj */ = {isa = PBXFileReference; lastKnownFileType = "wrapper.pb-project"; name = CordovaLib.xcodeproj; path = CordovaLib/CordovaLib.xcodeproj; sourceTree = "<group>"; };
		301BF56E109A69640062928A /* www */ = {isa = PBXFileReference; lastKnownFileType = folder; path = www; sourceTree = SOURCE_ROOT; };
		302D95EE14D2391D003F00A1 /* MainViewController.h */ = {isa = PBXFileReference; fileEncoding = 4; lastKnownFileType = sourcecode.c.h; path = MainViewController.h; sourceTree = "<group>"; };
		302D95EF14D2391D003F00A1 /* MainViewController.m */ = {isa = PBXFileReference; fileEncoding = 4; lastKnownFileType = sourcecode.c.objc; path = MainViewController.m; sourceTree = "<group>"; };
		302D95F014D2391D003F00A1 /* MainViewController.xib */ = {isa = PBXFileReference; fileEncoding = 4; lastKnownFileType = file.xib; path = MainViewController.xib; sourceTree = "<group>"; };
		3047A50F1AB8059700498E2A /* build-debug.xcconfig */ = {isa = PBXFileReference; fileEncoding = 4; lastKnownFileType = text.xcconfig; name = "build-debug.xcconfig"; path = "cordova/build-debug.xcconfig"; sourceTree = SOURCE_ROOT; };
		3047A5101AB8059700498E2A /* build-release.xcconfig */ = {isa = PBXFileReference; fileEncoding = 4; lastKnownFileType = text.xcconfig; name = "build-release.xcconfig"; path = "cordova/build-release.xcconfig"; sourceTree = SOURCE_ROOT; };
		3047A5111AB8059700498E2A /* build.xcconfig */ = {isa = PBXFileReference; fileEncoding = 4; lastKnownFileType = text.xcconfig; name = build.xcconfig; path = cordova/build.xcconfig; sourceTree = SOURCE_ROOT; };
		30FC456B28DB496F9102C845 /* RequestLocationAccuracy.m */ = {isa = PBXFileReference; explicitFileType = undefined; fileEncoding = 4; includeInIndex = 0; lastKnownFileType = sourcecode.c.objc; name = RequestLocationAccuracy.m; path = "cordova-plugin-request-location-accuracy/RequestLocationAccuracy.m"; sourceTree = "<group>"; };
		31DC4658BF124A1DA0DD79EE /* FirebasePerformance.framework */ = {isa = PBXFileReference; explicitFileType = undefined; fileEncoding = 9; includeInIndex = 0; lastKnownFileType = wrapper.framework; name = FirebasePerformance.framework; path = "HurryBunny/Plugins/cordova-plugin-firebase/FirebasePerformance.framework"; sourceTree = "<group>"; };
		32CA4F630368D1EE00C91783 /* HurryBunny-Prefix.pch */ = {isa = PBXFileReference; fileEncoding = 4; lastKnownFileType = sourcecode.c.h; path = "HurryBunny-Prefix.pch"; sourceTree = "<group>"; };
		32EDEA7E78F64AFDB35863F8 /* Contacts.framework */ = {isa = PBXFileReference; explicitFileType = undefined; fileEncoding = 9; includeInIndex = 0; lastKnownFileType = wrapper.framework; name = Contacts.framework; path = System/Library/Frameworks/Contacts.framework; sourceTree = SDKROOT; };
		34634517087641F282AA19F4 /* UNNotificationRequest+APPLocalNotification.h */ = {isa = PBXFileReference; explicitFileType = undefined; fileEncoding = 4; includeInIndex = 0; lastKnownFileType = sourcecode.c.h; name = "UNNotificationRequest+APPLocalNotification.h"; path = "cordova-plugin-local-notification/UNNotificationRequest+APPLocalNotification.h"; sourceTree = "<group>"; };
		387038631CCF4FAB969D2B05 /* EventKit.framework */ = {isa = PBXFileReference; explicitFileType = undefined; fileEncoding = 9; includeInIndex = 0; lastKnownFileType = wrapper.framework; name = EventKit.framework; path = System/Library/Frameworks/EventKit.framework; sourceTree = SDKROOT; };
		3B903C314B2A4826BFC4C6F0 /* CDVWKProcessPoolFactory.h */ = {isa = PBXFileReference; explicitFileType = undefined; fileEncoding = 4; includeInIndex = 0; lastKnownFileType = sourcecode.c.h; name = CDVWKProcessPoolFactory.h; path = "cordova-plugin-wkwebview-engine/CDVWKProcessPoolFactory.h"; sourceTree = "<group>"; };
		3C140DE4545846929C4626F0 /* CoreBluetooth.framework */ = {isa = PBXFileReference; explicitFileType = undefined; fileEncoding = 9; includeInIndex = 0; lastKnownFileType = wrapper.framework; name = CoreBluetooth.framework; path = System/Library/Frameworks/CoreBluetooth.framework; sourceTree = SDKROOT; };
		3C642B36696E454391DF4328 /* FirebaseAuth.framework */ = {isa = PBXFileReference; explicitFileType = undefined; fileEncoding = 9; includeInIndex = 0; lastKnownFileType = wrapper.framework; name = FirebaseAuth.framework; path = "HurryBunny/Plugins/cordova-plugin-firebase/FirebaseAuth.framework"; sourceTree = "<group>"; };
		438F251D8BF54C8EAECB10A8 /* CDVIonicKeyboard.m */ = {isa = PBXFileReference; explicitFileType = undefined; fileEncoding = 4; includeInIndex = 0; lastKnownFileType = sourcecode.c.objc; name = CDVIonicKeyboard.m; path = "cordova-plugin-ionic-keyboard/CDVIonicKeyboard.m"; sourceTree = "<group>"; };
		43E29692FBE94517A7778BF1 /* FirebaseMessaging.framework */ = {isa = PBXFileReference; explicitFileType = undefined; fileEncoding = 9; includeInIndex = 0; lastKnownFileType = wrapper.framework; name = FirebaseMessaging.framework; path = "HurryBunny/Plugins/cordova-plugin-firebase/FirebaseMessaging.framework"; sourceTree = "<group>"; };
		448602BEEA854CA880AE106B /* AVFoundation.framework */ = {isa = PBXFileReference; explicitFileType = undefined; fileEncoding = 9; includeInIndex = 0; lastKnownFileType = wrapper.framework; name = AVFoundation.framework; path = System/Library/Frameworks/AVFoundation.framework; sourceTree = SDKROOT; };
		45F188A27AE945CB82FF5545 /* Diagnostic.h */ = {isa = PBXFileReference; explicitFileType = undefined; fileEncoding = 4; includeInIndex = 0; lastKnownFileType = sourcecode.c.h; name = Diagnostic.h; path = cordova.plugins.diagnostic/Diagnostic.h; sourceTree = "<group>"; };
		464EFB0801C9437D9E0B3BCB /* Diagnostic_Camera.h */ = {isa = PBXFileReference; explicitFileType = undefined; fileEncoding = 4; includeInIndex = 0; lastKnownFileType = sourcecode.c.h; name = Diagnostic_Camera.h; path = cordova.plugins.diagnostic/Diagnostic_Camera.h; sourceTree = "<group>"; };
		49CF5337C16644D8B3715058 /* Diagnostic_Microphone.h */ = {isa = PBXFileReference; explicitFileType = undefined; fileEncoding = 4; includeInIndex = 0; lastKnownFileType = sourcecode.c.h; name = Diagnostic_Microphone.h; path = cordova.plugins.diagnostic/Diagnostic_Microphone.h; sourceTree = "<group>"; };
		4A04CF03EDF94A43B2F77EDC /* GoogleUtilities.framework */ = {isa = PBXFileReference; explicitFileType = undefined; fileEncoding = 9; includeInIndex = 0; lastKnownFileType = wrapper.framework; name = GoogleUtilities.framework; path = "HurryBunny/Plugins/cordova-plugin-firebase/GoogleUtilities.framework"; sourceTree = "<group>"; };
		4E89FA6E71DE4DD995CBEDB0 /* APPBadge.h */ = {isa = PBXFileReference; explicitFileType = undefined; fileEncoding = 4; includeInIndex = 0; lastKnownFileType = sourcecode.c.h; name = APPBadge.h; path = "cordova-plugin-badge/APPBadge.h"; sourceTree = "<group>"; };
		4EB7A9B9169D4615B0D92E6B /* CDVSplashScreen.m */ = {isa = PBXFileReference; explicitFileType = undefined; fileEncoding = 4; includeInIndex = 0; lastKnownFileType = sourcecode.c.objc; name = CDVSplashScreen.m; path = "cordova-plugin-splashscreen/CDVSplashScreen.m"; sourceTree = "<group>"; };
		4FA94A58A4C3446AB4391B07 /* CDVSplashScreen.h */ = {isa = PBXFileReference; explicitFileType = undefined; fileEncoding = 4; includeInIndex = 0; lastKnownFileType = sourcecode.c.h; name = CDVSplashScreen.h; path = "cordova-plugin-splashscreen/CDVSplashScreen.h"; sourceTree = "<group>"; };
		558ABFA038C54F4A87808D1D /* MeasurementNanoPB.framework */ = {isa = PBXFileReference; explicitFileType = undefined; fileEncoding = 9; includeInIndex = 0; lastKnownFileType = wrapper.framework; name = MeasurementNanoPB.framework; path = "HurryBunny/Plugins/cordova-plugin-firebase/MeasurementNanoPB.framework"; sourceTree = "<group>"; };
		56E1D7A0536444BDA5D2B354 /* Diagnostic_Notifications.h */ = {isa = PBXFileReference; explicitFileType = undefined; fileEncoding = 4; includeInIndex = 0; lastKnownFileType = sourcecode.c.h; name = Diagnostic_Notifications.h; path = cordova.plugins.diagnostic/Diagnostic_Notifications.h; sourceTree = "<group>"; };
		590C59454E27409BACBA248B /* FirebaseCore.framework */ = {isa = PBXFileReference; explicitFileType = undefined; fileEncoding = 9; includeInIndex = 0; lastKnownFileType = wrapper.framework; name = FirebaseCore.framework; path = "HurryBunny/Plugins/cordova-plugin-firebase/FirebaseCore.framework"; sourceTree = "<group>"; };
		5B8455394202400FB665B604 /* CDVReachability.h */ = {isa = PBXFileReference; explicitFileType = undefined; fileEncoding = 4; includeInIndex = 0; lastKnownFileType = sourcecode.c.h; name = CDVReachability.h; path = "cordova-plugin-network-information/CDVReachability.h"; sourceTree = "<group>"; };
		5D7676E502594D8FAA3548DD /* CDVLocalFilesystem.m */ = {isa = PBXFileReference; explicitFileType = undefined; fileEncoding = 4; includeInIndex = 0; lastKnownFileType = sourcecode.c.objc; name = CDVLocalFilesystem.m; path = "cordova-plugin-file/CDVLocalFilesystem.m"; sourceTree = "<group>"; };
		5E950F85909841D297AD0AAF /* AppDelegate+FirebasePlugin.m */ = {isa = PBXFileReference; explicitFileType = undefined; fileEncoding = 4; includeInIndex = 0; lastKnownFileType = sourcecode.c.objc; name = "AppDelegate+FirebasePlugin.m"; path = "cordova-plugin-firebase/AppDelegate+FirebasePlugin.m"; sourceTree = "<group>"; };
		61E7920B911341FF85C80C71 /* Diagnostic_Wifi.m */ = {isa = PBXFileReference; explicitFileType = undefined; fileEncoding = 4; includeInIndex = 0; lastKnownFileType = sourcecode.c.objc; name = Diagnostic_Wifi.m; path = cordova.plugins.diagnostic/Diagnostic_Wifi.m; sourceTree = "<group>"; };
		635CF1ECD32E4E5EBCF5886E /* LN_Reachability.h */ = {isa = PBXFileReference; explicitFileType = undefined; fileEncoding = 4; includeInIndex = 0; lastKnownFileType = sourcecode.c.h; name = LN_Reachability.h; path = uk.co.workingedge.phonegap.plugin.launchnavigator/LN_Reachability.h; sourceTree = "<group>"; };
		639CFFDEE6A3478792CE4613 /* LN_LaunchNavigator.m */ = {isa = PBXFileReference; explicitFileType = undefined; fileEncoding = 4; includeInIndex = 0; lastKnownFileType = sourcecode.c.objc; name = LN_LaunchNavigator.m; path = uk.co.workingedge.phonegap.plugin.launchnavigator/LN_LaunchNavigator.m; sourceTree = "<group>"; };
		664D837FD4A840B8B0A036C0 /* AddressBook.framework */ = {isa = PBXFileReference; explicitFileType = undefined; fileEncoding = 9; includeInIndex = 0; lastKnownFileType = wrapper.framework; name = AddressBook.framework; path = System/Library/Frameworks/AddressBook.framework; sourceTree = SDKROOT; };
		66C61A2F1BA14094A6A29083 /* CDVWKProcessPoolFactory.h */ = {isa = PBXFileReference; explicitFileType = undefined; fileEncoding = 4; includeInIndex = 0; lastKnownFileType = sourcecode.c.h; name = CDVWKProcessPoolFactory.h; path = "cordova-plugin-ionic-webview/CDVWKProcessPoolFactory.h"; sourceTree = "<group>"; };
		698065AE95BA4367932376EF /* CDVLocalFilesystem.h */ = {isa = PBXFileReference; explicitFileType = undefined; fileEncoding = 4; includeInIndex = 0; lastKnownFileType = sourcecode.c.h; name = CDVLocalFilesystem.h; path = "cordova-plugin-file/CDVLocalFilesystem.h"; sourceTree = "<group>"; };
		6988634F34E24F87B2B1B7E5 /* MapKit.framework */ = {isa = PBXFileReference; explicitFileType = undefined; fileEncoding = 9; includeInIndex = 0; lastKnownFileType = wrapper.framework; name = MapKit.framework; path = System/Library/Frameworks/MapKit.framework; sourceTree = SDKROOT; };
		6AFF5BF81D6E424B00AB3073 /* CDVLaunchScreen.storyboard */ = {isa = PBXFileReference; fileEncoding = 4; lastKnownFileType = file.storyboard; name = CDVLaunchScreen.storyboard; path = HurryBunny/CDVLaunchScreen.storyboard; sourceTree = SOURCE_ROOT; };
		6C267F23892B46E5AC51A272 /* Diagnostic_Reminders.h */ = {isa = PBXFileReference; explicitFileType = undefined; fileEncoding = 4; includeInIndex = 0; lastKnownFileType = sourcecode.c.h; name = Diagnostic_Reminders.h; path = cordova.plugins.diagnostic/Diagnostic_Reminders.h; sourceTree = "<group>"; };
		6DE63FF81628404C8E7FA4CF /* FirebaseRemoteConfig.framework */ = {isa = PBXFileReference; explicitFileType = undefined; fileEncoding = 9; includeInIndex = 0; lastKnownFileType = wrapper.framework; name = FirebaseRemoteConfig.framework; path = "HurryBunny/Plugins/cordova-plugin-firebase/FirebaseRemoteConfig.framework"; sourceTree = "<group>"; };
		6FA134A0F4564EE4915418B0 /* NativeGeocoder-Bridging-Header.h */ = {isa = PBXFileReference; explicitFileType = undefined; fileEncoding = 4; includeInIndex = 0; lastKnownFileType = sourcecode.c.h; name = "NativeGeocoder-Bridging-Header.h"; path = "cordova-plugin-nativegeocoder/NativeGeocoder-Bridging-Header.h"; sourceTree = "<group>"; };
		6FF7FAB29DD747F89F6138F9 /* CDVAssetLibraryFilesystem.h */ = {isa = PBXFileReference; explicitFileType = undefined; fileEncoding = 4; includeInIndex = 0; lastKnownFileType = sourcecode.c.h; name = CDVAssetLibraryFilesystem.h; path = "cordova-plugin-file/CDVAssetLibraryFilesystem.h"; sourceTree = "<group>"; };
		709263BE926C4AD6B2A40113 /* CDVNotification.bundle */ = {isa = PBXFileReference; explicitFileType = undefined; fileEncoding = 9; includeInIndex = 0; lastKnownFileType = "wrapper.plug-in"; path = CDVNotification.bundle; sourceTree = "<group>"; };
		70D21C7F42E14FC1BED6AB1E /* WE_CordovaLogger.m */ = {isa = PBXFileReference; explicitFileType = undefined; fileEncoding = 4; includeInIndex = 0; lastKnownFileType = sourcecode.c.objc; name = WE_CordovaLogger.m; path = uk.co.workingedge.phonegap.plugin.launchnavigator/WE_CordovaLogger.m; sourceTree = "<group>"; };
		723A6B3A932E48189E060487 /* LaunchNavigatorPlugin.m */ = {isa = PBXFileReference; explicitFileType = undefined; fileEncoding = 4; includeInIndex = 0; lastKnownFileType = sourcecode.c.objc; name = LaunchNavigatorPlugin.m; path = uk.co.workingedge.phonegap.plugin.launchnavigator/LaunchNavigatorPlugin.m; sourceTree = "<group>"; };
		74A9FCAC51604D9392566347 /* LN_LaunchNavigator.h */ = {isa = PBXFileReference; explicitFileType = undefined; fileEncoding = 4; includeInIndex = 0; lastKnownFileType = sourcecode.c.h; name = LN_LaunchNavigator.h; path = uk.co.workingedge.phonegap.plugin.launchnavigator/LN_LaunchNavigator.h; sourceTree = "<group>"; };
		759FC2B10187477B934BB264 /* Diagnostic_Camera.m */ = {isa = PBXFileReference; explicitFileType = undefined; fileEncoding = 4; includeInIndex = 0; lastKnownFileType = sourcecode.c.objc; name = Diagnostic_Camera.m; path = cordova.plugins.diagnostic/Diagnostic_Camera.m; sourceTree = "<group>"; };
		80185C48FD8D42A39F78C29B /* Firebase.h */ = {isa = PBXFileReference; explicitFileType = undefined; fileEncoding = 4; includeInIndex = 0; lastKnownFileType = sourcecode.c.h; name = Firebase.h; path = "cordova-plugin-firebase/Firebase.h"; sourceTree = "<group>"; };
		81A87074F24C4484AD2C2750 /* Diagnostic_Contacts.h */ = {isa = PBXFileReference; explicitFileType = undefined; fileEncoding = 4; includeInIndex = 0; lastKnownFileType = sourcecode.c.h; name = Diagnostic_Contacts.h; path = cordova.plugins.diagnostic/Diagnostic_Contacts.h; sourceTree = "<group>"; };
		81B6139BD6B547D3B4F2F040 /* APPNotificationContent.h */ = {isa = PBXFileReference; explicitFileType = undefined; fileEncoding = 4; includeInIndex = 0; lastKnownFileType = sourcecode.c.h; name = APPNotificationContent.h; path = "cordova-plugin-local-notification/APPNotificationContent.h"; sourceTree = "<group>"; };
		83B8FCAD7E024BE693897E99 /* AudioToolbox.framework */ = {isa = PBXFileReference; explicitFileType = undefined; fileEncoding = 9; includeInIndex = 0; lastKnownFileType = wrapper.framework; name = AudioToolbox.framework; path = System/Library/Frameworks/AudioToolbox.framework; sourceTree = SDKROOT; };
		860288D5846F4BEB948F631B /* CDVWKProcessPoolFactory.m */ = {isa = PBXFileReference; explicitFileType = undefined; fileEncoding = 4; includeInIndex = 0; lastKnownFileType = sourcecode.c.objc; name = CDVWKProcessPoolFactory.m; path = "cordova-plugin-ionic-webview/CDVWKProcessPoolFactory.m"; sourceTree = "<group>"; };
		86A5A899588E433E9C72FF97 /* CDVNotification.m */ = {isa = PBXFileReference; explicitFileType = undefined; fileEncoding = 4; includeInIndex = 0; lastKnownFileType = sourcecode.c.objc; name = CDVNotification.m; path = "cordova-plugin-dialogs/CDVNotification.m"; sourceTree = "<group>"; };
		881B26B0A0E64AA59ECF0285 /* CoreLocation.framework */ = {isa = PBXFileReference; explicitFileType = undefined; fileEncoding = 9; includeInIndex = 0; lastKnownFileType = wrapper.framework; name = CoreLocation.framework; path = System/Library/Frameworks/CoreLocation.framework; sourceTree = SDKROOT; };
		88CED14C02104EF48D450358 /* APPNotificationContent.m */ = {isa = PBXFileReference; explicitFileType = undefined; fileEncoding = 4; includeInIndex = 0; lastKnownFileType = sourcecode.c.objc; name = APPNotificationContent.m; path = "cordova-plugin-local-notification/APPNotificationContent.m"; sourceTree = "<group>"; };
		897DEB5AA1B34291A7C3C56E /* WE_Logger.h */ = {isa = PBXFileReference; explicitFileType = undefined; fileEncoding = 4; includeInIndex = 0; lastKnownFileType = sourcecode.c.h; name = WE_Logger.h; path = uk.co.workingedge.phonegap.plugin.launchnavigator/WE_Logger.h; sourceTree = "<group>"; };
		8A33CBAA5E1C43E984234AB6 /* FirebaseABTesting.framework */ = {isa = PBXFileReference; explicitFileType = undefined; fileEncoding = 9; includeInIndex = 0; lastKnownFileType = wrapper.framework; name = FirebaseABTesting.framework; path = "HurryBunny/Plugins/cordova-plugin-firebase/FirebaseABTesting.framework"; sourceTree = "<group>"; };
		8AB1251EF61C4B408621AF75 /* Diagnostic_Contacts.m */ = {isa = PBXFileReference; explicitFileType = undefined; fileEncoding = 4; includeInIndex = 0; lastKnownFileType = sourcecode.c.objc; name = Diagnostic_Contacts.m; path = cordova.plugins.diagnostic/Diagnostic_Contacts.m; sourceTree = "<group>"; };
		8D1107310486CEB800E47090 /* HurryBunny-Info.plist */ = {isa = PBXFileReference; fileEncoding = 4; lastKnownFileType = text.plist.xml; name = "HurryBunny-Info.plist"; path = "HurryBunny/HurryBunny-Info.plist"; plistStructureDefinitionIdentifier = "com.apple.xcode.plist.structure-definition.iphone.info-plist"; sourceTree = SOURCE_ROOT; };
		90178A9F3E6B430185FAD88B /* APPLocalNotification.h */ = {isa = PBXFileReference; explicitFileType = undefined; fileEncoding = 4; includeInIndex = 0; lastKnownFileType = sourcecode.c.h; name = APPLocalNotification.h; path = "cordova-plugin-local-notification/APPLocalNotification.h"; sourceTree = "<group>"; };
		92CF0D687C9B4DE7A2EC2CDF /* Protobuf.framework */ = {isa = PBXFileReference; explicitFileType = undefined; fileEncoding = 9; includeInIndex = 0; lastKnownFileType = wrapper.framework; name = Protobuf.framework; path = "HurryBunny/Plugins/cordova-plugin-firebase/Protobuf.framework"; sourceTree = "<group>"; };
		938447C012024B03A2AC7C39 /* CDVWKWebViewEngine.m */ = {isa = PBXFileReference; explicitFileType = undefined; fileEncoding = 4; includeInIndex = 0; lastKnownFileType = sourcecode.c.objc; name = CDVWKWebViewEngine.m; path = "cordova-plugin-ionic-webview/CDVWKWebViewEngine.m"; sourceTree = "<group>"; };
		9A8A9360B1F94F9382159053 /* GoogleService-Info.plist */ = {isa = PBXFileReference; explicitFileType = undefined; fileEncoding = 4; includeInIndex = 0; lastKnownFileType = text.plist.xml; path = "GoogleService-Info.plist"; sourceTree = "<group>"; };
		9F6922ADF0A5406A9910E505 /* UNUserNotificationCenter+APPLocalNotification.m */ = {isa = PBXFileReference; explicitFileType = undefined; fileEncoding = 4; includeInIndex = 0; lastKnownFileType = sourcecode.c.objc; name = "UNUserNotificationCenter+APPLocalNotification.m"; path = "cordova-plugin-local-notification/UNUserNotificationCenter+APPLocalNotification.m"; sourceTree = "<group>"; };
		A0DDB7B3C3E34DD38411DDB2 /* CDVWKWebViewUIDelegate.h */ = {isa = PBXFileReference; explicitFileType = undefined; fileEncoding = 4; includeInIndex = 0; lastKnownFileType = sourcecode.c.h; name = CDVWKWebViewUIDelegate.h; path = "cordova-plugin-wkwebview-engine/CDVWKWebViewUIDelegate.h"; sourceTree = "<group>"; };
		A38A7F5B629A419889EF2263 /* Diagnostic_Notifications.m */ = {isa = PBXFileReference; explicitFileType = undefined; fileEncoding = 4; includeInIndex = 0; lastKnownFileType = sourcecode.c.objc; name = Diagnostic_Notifications.m; path = cordova.plugins.diagnostic/Diagnostic_Notifications.m; sourceTree = "<group>"; };
		A4A0A09786574BA4AE118616 /* Crashlytics.framework */ = {isa = PBXFileReference; explicitFileType = undefined; fileEncoding = 9; includeInIndex = 0; lastKnownFileType = wrapper.framework; name = Crashlytics.framework; path = "HurryBunny/Plugins/cordova-plugin-firebase/Crashlytics.framework"; sourceTree = "<group>"; };
		A5DADA67DA2E4A84AFA63484 /* Diagnostic.m */ = {isa = PBXFileReference; explicitFileType = undefined; fileEncoding = 4; includeInIndex = 0; lastKnownFileType = sourcecode.c.objc; name = Diagnostic.m; path = cordova.plugins.diagnostic/Diagnostic.m; sourceTree = "<group>"; };
		A7A6FAA29D924179864F517D /* FirebaseInstanceID.framework */ = {isa = PBXFileReference; explicitFileType = undefined; fileEncoding = 9; includeInIndex = 0; lastKnownFileType = wrapper.framework; name = FirebaseInstanceID.framework; path = "HurryBunny/Plugins/cordova-plugin-firebase/FirebaseInstanceID.framework"; sourceTree = "<group>"; };
		A7B665C5CC8A472C8C18D5B4 /* CDVFile.h */ = {isa = PBXFileReference; explicitFileType = undefined; fileEncoding = 4; includeInIndex = 0; lastKnownFileType = sourcecode.c.h; name = CDVFile.h; path = "cordova-plugin-file/CDVFile.h"; sourceTree = "<group>"; };
		A8FA89B1ADF646359B470ADC /* GTMSessionFetcher.framework */ = {isa = PBXFileReference; explicitFileType = undefined; fileEncoding = 9; includeInIndex = 0; lastKnownFileType = wrapper.framework; name = GTMSessionFetcher.framework; path = "HurryBunny/Plugins/cordova-plugin-firebase/GTMSessionFetcher.framework"; sourceTree = "<group>"; };
		A93EB347909B40CBAC893F9D /* CDVDevice.h */ = {isa = PBXFileReference; explicitFileType = undefined; fileEncoding = 4; includeInIndex = 0; lastKnownFileType = sourcecode.c.h; name = CDVDevice.h; path = "cordova-plugin-device/CDVDevice.h"; sourceTree = "<group>"; };
		A975F260EC0E4FF5A1FD8766 /* WE_Logger.m */ = {isa = PBXFileReference; explicitFileType = undefined; fileEncoding = 4; includeInIndex = 0; lastKnownFileType = sourcecode.c.objc; name = WE_Logger.m; path = uk.co.workingedge.phonegap.plugin.launchnavigator/WE_Logger.m; sourceTree = "<group>"; };
		AA6854491534483E84A3AFA3 /* ActionSheet.h */ = {isa = PBXFileReference; explicitFileType = undefined; fileEncoding = 4; includeInIndex = 0; lastKnownFileType = sourcecode.c.h; name = ActionSheet.h; path = "cordova-plugin-actionsheet/ActionSheet.h"; sourceTree = "<group>"; };
		AC2789A8C44F4387939C130E /* Diagnostic_Location.m */ = {isa = PBXFileReference; explicitFileType = undefined; fileEncoding = 4; includeInIndex = 0; lastKnownFileType = sourcecode.c.objc; name = Diagnostic_Location.m; path = cordova.plugins.diagnostic/Diagnostic_Location.m; sourceTree = "<group>"; };
		AF35E7D51ADD40E893FC5BCB /* Diagnostic_Wifi.h */ = {isa = PBXFileReference; explicitFileType = undefined; fileEncoding = 4; includeInIndex = 0; lastKnownFileType = sourcecode.c.h; name = Diagnostic_Wifi.h; path = cordova.plugins.diagnostic/Diagnostic_Wifi.h; sourceTree = "<group>"; };
		B11D6A3F429943ACB356E1E4 /* Photos.framework */ = {isa = PBXFileReference; explicitFileType = undefined; fileEncoding = 9; includeInIndex = 0; lastKnownFileType = wrapper.framework; name = Photos.framework; path = System/Library/Frameworks/Photos.framework; sourceTree = SDKROOT; };
		B3AD703199E349DAAC875C5E /* CDVViewController+SplashScreen.m */ = {isa = PBXFileReference; explicitFileType = undefined; fileEncoding = 4; includeInIndex = 0; lastKnownFileType = sourcecode.c.objc; name = "CDVViewController+SplashScreen.m"; path = "cordova-plugin-splashscreen/CDVViewController+SplashScreen.m"; sourceTree = "<group>"; };
		BE284C39BC8047DEBD3B19D1 /* Diagnostic_Bluetooth.h */ = {isa = PBXFileReference; explicitFileType = undefined; fileEncoding = 4; includeInIndex = 0; lastKnownFileType = sourcecode.c.h; name = Diagnostic_Bluetooth.h; path = cordova.plugins.diagnostic/Diagnostic_Bluetooth.h; sourceTree = "<group>"; };
		C0E6CDEE524848E5A154147A /* CDVIonicKeyboard.h */ = {isa = PBXFileReference; explicitFileType = undefined; fileEncoding = 4; includeInIndex = 0; lastKnownFileType = sourcecode.c.h; name = CDVIonicKeyboard.h; path = "cordova-plugin-ionic-keyboard/CDVIonicKeyboard.h"; sourceTree = "<group>"; };
		C18C50A8EE3B4615961B5EC4 /* CoreMotion.framework */ = {isa = PBXFileReference; explicitFileType = undefined; fileEncoding = 9; includeInIndex = 0; lastKnownFileType = wrapper.framework; name = CoreMotion.framework; path = System/Library/Frameworks/CoreMotion.framework; sourceTree = SDKROOT; };
		C3A9188CBE134CFE932F56E5 /* FirebasePlugin.m */ = {isa = PBXFileReference; explicitFileType = undefined; fileEncoding = 4; includeInIndex = 0; lastKnownFileType = sourcecode.c.objc; name = FirebasePlugin.m; path = "cordova-plugin-firebase/FirebasePlugin.m"; sourceTree = "<group>"; };
		C499C11DBB254C1595A5A7DE /* CDVWKWebViewEngine.m */ = {isa = PBXFileReference; explicitFileType = undefined; fileEncoding = 4; includeInIndex = 0; lastKnownFileType = sourcecode.c.objc; name = CDVWKWebViewEngine.m; path = "cordova-plugin-wkwebview-engine/CDVWKWebViewEngine.m"; sourceTree = "<group>"; };
		C88A653D6E504615A6F32D58 /* IONAssetHandler.h */ = {isa = PBXFileReference; explicitFileType = undefined; fileEncoding = 4; includeInIndex = 0; lastKnownFileType = sourcecode.c.h; name = IONAssetHandler.h; path = "cordova-plugin-ionic-webview/IONAssetHandler.h"; sourceTree = "<group>"; };
		C8D828A28AE341F1ACFDD134 /* APPNotificationOptions.h */ = {isa = PBXFileReference; explicitFileType = undefined; fileEncoding = 4; includeInIndex = 0; lastKnownFileType = sourcecode.c.h; name = APPNotificationOptions.h; path = "cordova-plugin-local-notification/APPNotificationOptions.h"; sourceTree = "<group>"; };
		C95D0D10E4464488AB794597 /* APPLocalNotification.m */ = {isa = PBXFileReference; explicitFileType = undefined; fileEncoding = 4; includeInIndex = 0; lastKnownFileType = sourcecode.c.objc; name = APPLocalNotification.m; path = "cordova-plugin-local-notification/APPLocalNotification.m"; sourceTree = "<group>"; };
		C9E838F7EE574AFABE7876D1 /* CDVConnection.m */ = {isa = PBXFileReference; explicitFileType = undefined; fileEncoding = 4; includeInIndex = 0; lastKnownFileType = sourcecode.c.objc; name = CDVConnection.m; path = "cordova-plugin-network-information/CDVConnection.m"; sourceTree = "<group>"; };
		CB83320C7FB045A9B423C1D7 /* FirebaseCoreDiagnostics.framework */ = {isa = PBXFileReference; explicitFileType = undefined; fileEncoding = 9; includeInIndex = 0; lastKnownFileType = wrapper.framework; name = FirebaseCoreDiagnostics.framework; path = "HurryBunny/Plugins/cordova-plugin-firebase/FirebaseCoreDiagnostics.framework"; sourceTree = "<group>"; };
		CBAD718F7DBD446FA3CDE953 /* nanopb.framework */ = {isa = PBXFileReference; explicitFileType = undefined; fileEncoding = 9; includeInIndex = 0; lastKnownFileType = wrapper.framework; name = nanopb.framework; path = "HurryBunny/Plugins/cordova-plugin-firebase/nanopb.framework"; sourceTree = "<group>"; };
		CCE19615A9A64E65B7AE4201 /* GoogleToolboxForMac.framework */ = {isa = PBXFileReference; explicitFileType = undefined; fileEncoding = 9; includeInIndex = 0; lastKnownFileType = wrapper.framework; name = GoogleToolboxForMac.framework; path = "HurryBunny/Plugins/cordova-plugin-firebase/GoogleToolboxForMac.framework"; sourceTree = "<group>"; };
		CF45897433DD47B69116724D /* Diagnostic_Motion.h */ = {isa = PBXFileReference; explicitFileType = undefined; fileEncoding = 4; includeInIndex = 0; lastKnownFileType = sourcecode.c.h; name = Diagnostic_Motion.h; path = cordova.plugins.diagnostic/Diagnostic_Motion.h; sourceTree = "<group>"; };
		D5366E7870A14DCD84E8BFC2 /* APPBadge.m */ = {isa = PBXFileReference; explicitFileType = undefined; fileEncoding = 4; includeInIndex = 0; lastKnownFileType = sourcecode.c.objc; name = APPBadge.m; path = "cordova-plugin-badge/APPBadge.m"; sourceTree = "<group>"; };
		D697FFD717434622A4117CB9 /* UNUserNotificationCenter+APPLocalNotification.h */ = {isa = PBXFileReference; explicitFileType = undefined; fileEncoding = 4; includeInIndex = 0; lastKnownFileType = sourcecode.c.h; name = "UNUserNotificationCenter+APPLocalNotification.h"; path = "cordova-plugin-local-notification/UNUserNotificationCenter+APPLocalNotification.h"; sourceTree = "<group>"; };
		D7B9EB5915784E059A57B1F0 /* libz.tbd */ = {isa = PBXFileReference; explicitFileType = undefined; fileEncoding = 9; includeInIndex = 0; lastKnownFileType = "sourcecode.text-based-dylib-definition"; name = libz.tbd; path = usr/lib/libz.tbd; sourceTree = SDKROOT; };
		DCCE0470B17248DB86C3BA34 /* Fabric.framework */ = {isa = PBXFileReference; explicitFileType = undefined; fileEncoding = 9; includeInIndex = 0; lastKnownFileType = wrapper.framework; name = Fabric.framework; path = "HurryBunny/Plugins/cordova-plugin-firebase/Fabric.framework"; sourceTree = "<group>"; };
		DD83EDC8854B40CB9DB621AE /* CDVWKWebViewUIDelegate.m */ = {isa = PBXFileReference; explicitFileType = undefined; fileEncoding = 4; includeInIndex = 0; lastKnownFileType = sourcecode.c.objc; name = CDVWKWebViewUIDelegate.m; path = "cordova-plugin-ionic-webview/CDVWKWebViewUIDelegate.m"; sourceTree = "<group>"; };
		DE7D594A9B71431D9A4B3CB9 /* Diagnostic_Calendar.h */ = {isa = PBXFileReference; explicitFileType = undefined; fileEncoding = 4; includeInIndex = 0; lastKnownFileType = sourcecode.c.h; name = Diagnostic_Calendar.h; path = cordova.plugins.diagnostic/Diagnostic_Calendar.h; sourceTree = "<group>"; };
		E1397C2319CB4E8DAAA3160E /* CoreTelephony.framework */ = {isa = PBXFileReference; explicitFileType = undefined; fileEncoding = 9; includeInIndex = 0; lastKnownFileType = wrapper.framework; name = CoreTelephony.framework; path = System/Library/Frameworks/CoreTelephony.framework; sourceTree = SDKROOT; };
		E36C2876B3DB40C4836EA42D /* Diagnostic_Calendar.m */ = {isa = PBXFileReference; explicitFileType = undefined; fileEncoding = 4; includeInIndex = 0; lastKnownFileType = sourcecode.c.objc; name = Diagnostic_Calendar.m; path = cordova.plugins.diagnostic/Diagnostic_Calendar.m; sourceTree = "<group>"; };
		E78FA1A907C84042A66407FD /* CDVWKWebViewUIDelegate.m */ = {isa = PBXFileReference; explicitFileType = undefined; fileEncoding = 4; includeInIndex = 0; lastKnownFileType = sourcecode.c.objc; name = CDVWKWebViewUIDelegate.m; path = "cordova-plugin-wkwebview-engine/CDVWKWebViewUIDelegate.m"; sourceTree = "<group>"; };
		E8A6E55C115A4F42AF7B0D53 /* CDVViewController+SplashScreen.h */ = {isa = PBXFileReference; explicitFileType = undefined; fileEncoding = 4; includeInIndex = 0; lastKnownFileType = sourcecode.c.h; name = "CDVViewController+SplashScreen.h"; path = "cordova-plugin-splashscreen/CDVViewController+SplashScreen.h"; sourceTree = "<group>"; };
		EAF91938EA044CC4AB8E734C /* CDVConnection.h */ = {isa = PBXFileReference; explicitFileType = undefined; fileEncoding = 4; includeInIndex = 0; lastKnownFileType = sourcecode.c.h; name = CDVConnection.h; path = "cordova-plugin-network-information/CDVConnection.h"; sourceTree = "<group>"; };
		EB87FDF31871DA8E0020F90C /* www */ = {isa = PBXFileReference; lastKnownFileType = folder; name = www; path = ../../www; sourceTree = "<group>"; };
		EB87FDF41871DAF40020F90C /* config.xml */ = {isa = PBXFileReference; lastKnownFileType = text.xml; name = config.xml; path = ../../config.xml; sourceTree = "<group>"; };
		EC1D4350E6534A23A37EAA20 /* CDVReachability.m */ = {isa = PBXFileReference; explicitFileType = undefined; fileEncoding = 4; includeInIndex = 0; lastKnownFileType = sourcecode.c.objc; name = CDVReachability.m; path = "cordova-plugin-network-information/CDVReachability.m"; sourceTree = "<group>"; };
		ED33DF2A687741AEAF9F8254 /* Bridging-Header.h */ = {isa = PBXFileReference; fileEncoding = 4; lastKnownFileType = sourcecode.c.h; path = "Bridging-Header.h"; sourceTree = "<group>"; };
		EF250F60AFDB4EA1A766B8A0 /* SystemConfiguration.framework */ = {isa = PBXFileReference; explicitFileType = undefined; fileEncoding = 9; includeInIndex = 0; lastKnownFileType = wrapper.framework; name = SystemConfiguration.framework; path = System/Library/Frameworks/SystemConfiguration.framework; sourceTree = SDKROOT; };
		F2776D610BF445D79566DC9E /* CDVWKWebViewUIDelegate.h */ = {isa = PBXFileReference; explicitFileType = undefined; fileEncoding = 4; includeInIndex = 0; lastKnownFileType = sourcecode.c.h; name = CDVWKWebViewUIDelegate.h; path = "cordova-plugin-ionic-webview/CDVWKWebViewUIDelegate.h"; sourceTree = "<group>"; };
		F72E7AC4AF8047B6BF4B18F1 /* IONAssetHandler.m */ = {isa = PBXFileReference; explicitFileType = undefined; fileEncoding = 4; includeInIndex = 0; lastKnownFileType = sourcecode.c.objc; name = IONAssetHandler.m; path = "cordova-plugin-ionic-webview/IONAssetHandler.m"; sourceTree = "<group>"; };
		F840E1F0165FE0F500CFE078 /* config.xml */ = {isa = PBXFileReference; lastKnownFileType = text.xml; name = config.xml; path = HurryBunny/config.xml; sourceTree = "<group>"; };
		F9E4F6C0BF794E08BF15BC31 /* Diagnostic_Location.h */ = {isa = PBXFileReference; explicitFileType = undefined; fileEncoding = 4; includeInIndex = 0; lastKnownFileType = sourcecode.c.h; name = Diagnostic_Location.h; path = cordova.plugins.diagnostic/Diagnostic_Location.h; sourceTree = "<group>"; };
		FCE98FDF9F034F81AE661E6A /* GoogleAppMeasurement.framework */ = {isa = PBXFileReference; explicitFileType = undefined; fileEncoding = 9; includeInIndex = 0; lastKnownFileType = wrapper.framework; name = GoogleAppMeasurement.framework; path = "HurryBunny/Plugins/cordova-plugin-firebase/GoogleAppMeasurement.framework"; sourceTree = "<group>"; };
		FEBE3D9DD1534004AF42A75F /* WE_CordovaLogger.h */ = {isa = PBXFileReference; explicitFileType = undefined; fileEncoding = 4; includeInIndex = 0; lastKnownFileType = sourcecode.c.h; name = WE_CordovaLogger.h; path = uk.co.workingedge.phonegap.plugin.launchnavigator/WE_CordovaLogger.h; sourceTree = "<group>"; };
		A7F78F54F9A74B0691C8B605 /* CDVInAppBrowser.m */ = {isa = PBXFileReference; name = "CDVInAppBrowser.m"; path = "cordova-plugin-inappbrowser/CDVInAppBrowser.m"; sourceTree = "<group>"; fileEncoding = 4; lastKnownFileType = sourcecode.c.objc; explicitFileType = undefined; includeInIndex = 0; };
		B921F18DF1754AABABA68E64 /* CDVInAppBrowserOptions.m */ = {isa = PBXFileReference; name = "CDVInAppBrowserOptions.m"; path = "cordova-plugin-inappbrowser/CDVInAppBrowserOptions.m"; sourceTree = "<group>"; fileEncoding = 4; lastKnownFileType = sourcecode.c.objc; explicitFileType = undefined; includeInIndex = 0; };
		373D2B7F00F64D46BACAA944 /* CDVInAppBrowserNavigationController.m */ = {isa = PBXFileReference; name = "CDVInAppBrowserNavigationController.m"; path = "cordova-plugin-inappbrowser/CDVInAppBrowserNavigationController.m"; sourceTree = "<group>"; fileEncoding = 4; lastKnownFileType = sourcecode.c.objc; explicitFileType = undefined; includeInIndex = 0; };
		35D78EE89ABE4DDBA2CAD925 /* CDVUIInAppBrowser.m */ = {isa = PBXFileReference; name = "CDVUIInAppBrowser.m"; path = "cordova-plugin-inappbrowser/CDVUIInAppBrowser.m"; sourceTree = "<group>"; fileEncoding = 4; lastKnownFileType = sourcecode.c.objc; explicitFileType = undefined; includeInIndex = 0; };
		3EBEFF9E67294283BED11585 /* CDVWKInAppBrowser.m */ = {isa = PBXFileReference; name = "CDVWKInAppBrowser.m"; path = "cordova-plugin-inappbrowser/CDVWKInAppBrowser.m"; sourceTree = "<group>"; fileEncoding = 4; lastKnownFileType = sourcecode.c.objc; explicitFileType = undefined; includeInIndex = 0; };
		7F64050CC7ED4040BC33677C /* CDVWKInAppBrowserUIDelegate.m */ = {isa = PBXFileReference; name = "CDVWKInAppBrowserUIDelegate.m"; path = "cordova-plugin-inappbrowser/CDVWKInAppBrowserUIDelegate.m"; sourceTree = "<group>"; fileEncoding = 4; lastKnownFileType = sourcecode.c.objc; explicitFileType = undefined; includeInIndex = 0; };
		CF72E4A0D7C14B498D51F1E6 /* CDVInAppBrowser.h */ = {isa = PBXFileReference; name = "CDVInAppBrowser.h"; path = "cordova-plugin-inappbrowser/CDVInAppBrowser.h"; sourceTree = "<group>"; fileEncoding = 4; lastKnownFileType = sourcecode.c.h; explicitFileType = undefined; includeInIndex = 0; };
		1F0DF8746DEC43E78551C9B8 /* CDVInAppBrowserOptions.h */ = {isa = PBXFileReference; name = "CDVInAppBrowserOptions.h"; path = "cordova-plugin-inappbrowser/CDVInAppBrowserOptions.h"; sourceTree = "<group>"; fileEncoding = 4; lastKnownFileType = sourcecode.c.h; explicitFileType = undefined; includeInIndex = 0; };
		48DB9784BE984D0881606F42 /* CDVInAppBrowserNavigationController.h */ = {isa = PBXFileReference; name = "CDVInAppBrowserNavigationController.h"; path = "cordova-plugin-inappbrowser/CDVInAppBrowserNavigationController.h"; sourceTree = "<group>"; fileEncoding = 4; lastKnownFileType = sourcecode.c.h; explicitFileType = undefined; includeInIndex = 0; };
		67C0DE215112402FA659F33D /* CDVUIInAppBrowser.h */ = {isa = PBXFileReference; name = "CDVUIInAppBrowser.h"; path = "cordova-plugin-inappbrowser/CDVUIInAppBrowser.h"; sourceTree = "<group>"; fileEncoding = 4; lastKnownFileType = sourcecode.c.h; explicitFileType = undefined; includeInIndex = 0; };
		AC0E8B7C080E4DBD84F58FB1 /* CDVWKInAppBrowser.h */ = {isa = PBXFileReference; name = "CDVWKInAppBrowser.h"; path = "cordova-plugin-inappbrowser/CDVWKInAppBrowser.h"; sourceTree = "<group>"; fileEncoding = 4; lastKnownFileType = sourcecode.c.h; explicitFileType = undefined; includeInIndex = 0; };
		C4B7E6CBE14048E0BA0DB713 /* CDVWKInAppBrowserUIDelegate.h */ = {isa = PBXFileReference; name = "CDVWKInAppBrowserUIDelegate.h"; path = "cordova-plugin-inappbrowser/CDVWKInAppBrowserUIDelegate.h"; sourceTree = "<group>"; fileEncoding = 4; lastKnownFileType = sourcecode.c.h; explicitFileType = undefined; includeInIndex = 0; };
		6A8A1B354F6E48BAA55CA78F /* CDVSpinnerDialog.m */ = {isa = PBXFileReference; name = "CDVSpinnerDialog.m"; path = "cordova-plugin-native-spinner/CDVSpinnerDialog.m"; sourceTree = "<group>"; fileEncoding = 4; lastKnownFileType = sourcecode.c.objc; explicitFileType = undefined; includeInIndex = 0; };
		A7F1A6656F6A4F8494D7CD7E /* CDVSpinnerDialog.h */ = {isa = PBXFileReference; name = "CDVSpinnerDialog.h"; path = "cordova-plugin-native-spinner/CDVSpinnerDialog.h"; sourceTree = "<group>"; fileEncoding = 4; lastKnownFileType = sourcecode.c.h; explicitFileType = undefined; includeInIndex = 0; };
/* End PBXFileReference section */

/* Begin PBXFrameworksBuildPhase section */
		1D60588F0D05DD3D006BFB54 /* Frameworks */ = {
			isa = PBXFrameworksBuildPhase;
			buildActionMask = 2147483647;
			files = (
				301BF552109A68D80062928A /* libCordova.a in Frameworks */,
				E60180975E5643528F7309B7 /* libz.tbd in Frameworks */,
				FDF024CE94304C6282265504 /* AudioToolbox.framework in Frameworks */,
				BD3C5B40648A4C308F2BEA2C /* Crashlytics.framework in Frameworks */,
				F033897C2E0943E3AE3693F8 /* Fabric.framework in Frameworks */,
				06A9ACBBB2FE4B5096D7CFCE /* GoogleAppMeasurement.framework in Frameworks */,
				82899CFBFF4149C9BF283B17 /* MeasurementNanoPB.framework in Frameworks */,
				E331AD17ED27492AA9FB72FA /* FirebaseCore.framework in Frameworks */,
				00ABDE5F4607401BBCC62234 /* FirebaseAnalytics.framework in Frameworks */,
				BE39E5E4518740529C1A0CF1 /* GoogleUtilities.framework in Frameworks */,
				26CE87C150544385825FBCDD /* nanopb.framework in Frameworks */,
				48A2C9B712744A558B209E3E /* FirebaseInstanceID.framework in Frameworks */,
				F85D8764936C413A865446A2 /* FirebaseCoreDiagnostics.framework in Frameworks */,
				2CA15038454B4E6AB4B6B8D3 /* GTMSessionFetcher.framework in Frameworks */,
				61BDDD22912045FB9AB15D49 /* FirebaseAuth.framework in Frameworks */,
				7973AF1FAE1842F88C5D4448 /* FirebaseMessaging.framework in Frameworks */,
				CFD385A3ABBE414A8C0DF4BB /* GoogleToolboxForMac.framework in Frameworks */,
				0254D47E40974A5792114CE7 /* FirebasePerformance.framework in Frameworks */,
				D40C45EB2BA64DA187BF9CED /* Protobuf.framework in Frameworks */,
				0EEA01CA03F74458AE9772B2 /* FirebaseRemoteConfig.framework in Frameworks */,
				55E7D93F9F784D7CB028FA4D /* FirebaseABTesting.framework in Frameworks */,
				B61C10F106534027B0A102E6 /* CoreLocation.framework in Frameworks */,
				30A1C5F8BA254FB6ACFF31FF /* WebKit.framework in Frameworks */,
				1562F29E63EF47738E0703E3 /* UserNotifications.framework in Frameworks */,
				BD5B02C2DAD846AABCE7CF78 /* SystemConfiguration.framework in Frameworks */,
				C1E19C6622D2486CA8391FA5 /* CoreTelephony.framework in Frameworks */,
				347BD47EE8AD4728A601199D /* MapKit.framework in Frameworks */,
				D35E99885A38458884007AEF /* CoreBluetooth.framework in Frameworks */,
				A18BE367575E42369A149990 /* Photos.framework in Frameworks */,
				3CE5ED7A36AE4565B25C47B4 /* AVFoundation.framework in Frameworks */,
				64A6748E53C24212A13BF51E /* Contacts.framework in Frameworks */,
				8CE99D8EE15840FD8F1DFF1C /* AddressBook.framework in Frameworks */,
				514727ADB041411EB5527CA5 /* EventKit.framework in Frameworks */,
				C4748AE4EB4F4DA0A51FAF7B /* CoreMotion.framework in Frameworks */,
			);
			runOnlyForDeploymentPostprocessing = 0;
		};
/* End PBXFrameworksBuildPhase section */

/* Begin PBXGroup section */
		080E96DDFE201D6D7F000001 /* Classes */ = {
			isa = PBXGroup;
			children = (
				302D95EE14D2391D003F00A1 /* MainViewController.h */,
				302D95EF14D2391D003F00A1 /* MainViewController.m */,
				302D95F014D2391D003F00A1 /* MainViewController.xib */,
				1D3623240D0F684500981E51 /* AppDelegate.h */,
				1D3623250D0F684500981E51 /* AppDelegate.m */,
			);
			name = Classes;
			path = HurryBunny/Classes;
			sourceTree = SOURCE_ROOT;
		};
		19C28FACFE9D520D11CA2CBB /* Products */ = {
			isa = PBXGroup;
			children = (
				1D6058910D05DD3D006BFB54 /* HurryBunny.app */,
			);
			name = Products;
			sourceTree = "<group>";
		};
		29B97314FDCFA39411CA2CEA /* CustomTemplate */ = {
			isa = PBXGroup;
			children = (
				EB87FDF41871DAF40020F90C /* config.xml */,
				EB87FDF31871DA8E0020F90C /* www */,
				EB87FDF11871DA420020F90C /* Staging */,
				301BF52D109A57CC0062928A /* CordovaLib.xcodeproj */,
				080E96DDFE201D6D7F000001 /* Classes */,
				307C750510C5A3420062BCA9 /* Plugins */,
				29B97315FDCFA39411CA2CEA /* Other Sources */,
				29B97317FDCFA39411CA2CEA /* Resources */,
				29B97323FDCFA39411CA2CEA /* Frameworks */,
				19C28FACFE9D520D11CA2CBB /* Products */,
			);
			name = CustomTemplate;
			sourceTree = "<group>";
		};
		29B97315FDCFA39411CA2CEA /* Other Sources */ = {
			isa = PBXGroup;
			children = (
				32CA4F630368D1EE00C91783 /* HurryBunny-Prefix.pch */,
				29B97316FDCFA39411CA2CEA /* main.m */,
				ED33DF2A687741AEAF9F8254 /* Bridging-Header.h */,
			);
			name = "Other Sources";
			path = HurryBunny;
			sourceTree = "<group>";
		};
		29B97317FDCFA39411CA2CEA /* Resources */ = {
			isa = PBXGroup;
			children = (
				0207DA571B56EA530066E2B4 /* Images.xcassets */,
				3047A50E1AB8057F00498E2A /* config */,
				8D1107310486CEB800E47090 /* HurryBunny-Info.plist */,
				6AFF5BF81D6E424B00AB3073 /* CDVLaunchScreen.storyboard */,
				709263BE926C4AD6B2A40113 /* CDVNotification.bundle */,
				9A8A9360B1F94F9382159053 /* GoogleService-Info.plist */,
			);
			name = Resources;
			path = HurryBunny/Resources;
			sourceTree = "<group>";
		};
		29B97323FDCFA39411CA2CEA /* Frameworks */ = {
			isa = PBXGroup;
			children = (
				D7B9EB5915784E059A57B1F0 /* libz.tbd */,
				83B8FCAD7E024BE693897E99 /* AudioToolbox.framework */,
				A4A0A09786574BA4AE118616 /* Crashlytics.framework */,
				DCCE0470B17248DB86C3BA34 /* Fabric.framework */,
				FCE98FDF9F034F81AE661E6A /* GoogleAppMeasurement.framework */,
				558ABFA038C54F4A87808D1D /* MeasurementNanoPB.framework */,
				590C59454E27409BACBA248B /* FirebaseCore.framework */,
				220984CB46C542BCBDFAE9AD /* FirebaseAnalytics.framework */,
				4A04CF03EDF94A43B2F77EDC /* GoogleUtilities.framework */,
				CBAD718F7DBD446FA3CDE953 /* nanopb.framework */,
				A7A6FAA29D924179864F517D /* FirebaseInstanceID.framework */,
				CB83320C7FB045A9B423C1D7 /* FirebaseCoreDiagnostics.framework */,
				A8FA89B1ADF646359B470ADC /* GTMSessionFetcher.framework */,
				3C642B36696E454391DF4328 /* FirebaseAuth.framework */,
				43E29692FBE94517A7778BF1 /* FirebaseMessaging.framework */,
				CCE19615A9A64E65B7AE4201 /* GoogleToolboxForMac.framework */,
				31DC4658BF124A1DA0DD79EE /* FirebasePerformance.framework */,
				92CF0D687C9B4DE7A2EC2CDF /* Protobuf.framework */,
				6DE63FF81628404C8E7FA4CF /* FirebaseRemoteConfig.framework */,
				8A33CBAA5E1C43E984234AB6 /* FirebaseABTesting.framework */,
				881B26B0A0E64AA59ECF0285 /* CoreLocation.framework */,
				1AA031D12982401F9745A9A5 /* WebKit.framework */,
				29A5BB73F1CF4738B3FBF64E /* UserNotifications.framework */,
				EF250F60AFDB4EA1A766B8A0 /* SystemConfiguration.framework */,
				E1397C2319CB4E8DAAA3160E /* CoreTelephony.framework */,
				6988634F34E24F87B2B1B7E5 /* MapKit.framework */,
				3C140DE4545846929C4626F0 /* CoreBluetooth.framework */,
				B11D6A3F429943ACB356E1E4 /* Photos.framework */,
				448602BEEA854CA880AE106B /* AVFoundation.framework */,
				32EDEA7E78F64AFDB35863F8 /* Contacts.framework */,
				664D837FD4A840B8B0A036C0 /* AddressBook.framework */,
				387038631CCF4FAB969D2B05 /* EventKit.framework */,
				C18C50A8EE3B4615961B5EC4 /* CoreMotion.framework */,
			);
			name = Frameworks;
			sourceTree = "<group>";
		};
		301BF52E109A57CC0062928A /* Products */ = {
			isa = PBXGroup;
			children = (
				301BF535109A57CC0062928A /* libCordova.a */,
				907D8124214C687600058A10 /* Cordova.framework */,
			);
			name = Products;
			sourceTree = "<group>";
		};
		3047A50E1AB8057F00498E2A /* config */ = {
			isa = PBXGroup;
			children = (
				3047A50F1AB8059700498E2A /* build-debug.xcconfig */,
				3047A5101AB8059700498E2A /* build-release.xcconfig */,
				3047A5111AB8059700498E2A /* build.xcconfig */,
			);
			name = config;
			sourceTree = "<group>";
		};
		307C750510C5A3420062BCA9 /* Plugins */ = {
			isa = PBXGroup;
			children = (
				D5366E7870A14DCD84E8BFC2 /* APPBadge.m */,
				4E89FA6E71DE4DD995CBEDB0 /* APPBadge.h */,
				047FBCDC78A04A46806D0817 /* CDVDevice.m */,
				A93EB347909B40CBAC893F9D /* CDVDevice.h */,
				86A5A899588E433E9C72FF97 /* CDVNotification.m */,
				011B284DB5524FEE9D656428 /* CDVNotification.h */,
				0CCC0A6DE5D5437781CF2B6D /* CDVFile.m */,
				5D7676E502594D8FAA3548DD /* CDVLocalFilesystem.m */,
				29AEF9108EF84DA48D2BEA94 /* CDVAssetLibraryFilesystem.m */,
				A7B665C5CC8A472C8C18D5B4 /* CDVFile.h */,
				698065AE95BA4367932376EF /* CDVLocalFilesystem.h */,
				6FF7FAB29DD747F89F6138F9 /* CDVAssetLibraryFilesystem.h */,
				5E950F85909841D297AD0AAF /* AppDelegate+FirebasePlugin.m */,
				C3A9188CBE134CFE932F56E5 /* FirebasePlugin.m */,
				13106A26A6294E07A8DBC94D /* AppDelegate+FirebasePlugin.h */,
				218A6F46771F40AD85E8E1F0 /* FirebasePlugin.h */,
				80185C48FD8D42A39F78C29B /* Firebase.h */,
				20C9E22B43A8464D911CE93A /* CDVLocation.m */,
				0738660DD7D848E198D06A17 /* CDVLocation.h */,
				438F251D8BF54C8EAECB10A8 /* CDVIonicKeyboard.m */,
				C0E6CDEE524848E5A154147A /* CDVIonicKeyboard.h */,
				C95D0D10E4464488AB794597 /* APPLocalNotification.m */,
				88CED14C02104EF48D450358 /* APPNotificationContent.m */,
				01E7EE93F1364C1290C3C74E /* APPNotificationOptions.m */,
				9F6922ADF0A5406A9910E505 /* UNUserNotificationCenter+APPLocalNotification.m */,
				17FF72CE374F437B9FF69330 /* UNNotificationRequest+APPLocalNotification.m */,
				90178A9F3E6B430185FAD88B /* APPLocalNotification.h */,
				81B6139BD6B547D3B4F2F040 /* APPNotificationContent.h */,
				C8D828A28AE341F1ACFDD134 /* APPNotificationOptions.h */,
				D697FFD717434622A4117CB9 /* UNUserNotificationCenter+APPLocalNotification.h */,
				34634517087641F282AA19F4 /* UNNotificationRequest+APPLocalNotification.h */,
				0255E65A54124F5DA52E54E9 /* NativeGeocoder.swift */,
				6FA134A0F4564EE4915418B0 /* NativeGeocoder-Bridging-Header.h */,
				C9E838F7EE574AFABE7876D1 /* CDVConnection.m */,
				EC1D4350E6534A23A37EAA20 /* CDVReachability.m */,
				EAF91938EA044CC4AB8E734C /* CDVConnection.h */,
				5B8455394202400FB665B604 /* CDVReachability.h */,
				30FC456B28DB496F9102C845 /* RequestLocationAccuracy.m */,
				06BAFC23941449B6BF776205 /* RequestLocationAccuracy.h */,
				4EB7A9B9169D4615B0D92E6B /* CDVSplashScreen.m */,
				B3AD703199E349DAAC875C5E /* CDVViewController+SplashScreen.m */,
				4FA94A58A4C3446AB4391B07 /* CDVSplashScreen.h */,
				E8A6E55C115A4F42AF7B0D53 /* CDVViewController+SplashScreen.h */,
				C499C11DBB254C1595A5A7DE /* CDVWKWebViewEngine.m */,
				E78FA1A907C84042A66407FD /* CDVWKWebViewUIDelegate.m */,
				073E4C2BB6A240D8B339856D /* CDVWKWebViewEngine.h */,
				A0DDB7B3C3E34DD38411DDB2 /* CDVWKWebViewUIDelegate.h */,
				3B903C314B2A4826BFC4C6F0 /* CDVWKProcessPoolFactory.h */,
				938447C012024B03A2AC7C39 /* CDVWKWebViewEngine.m */,
				DD83EDC8854B40CB9DB621AE /* CDVWKWebViewUIDelegate.m */,
				860288D5846F4BEB948F631B /* CDVWKProcessPoolFactory.m */,
				F72E7AC4AF8047B6BF4B18F1 /* IONAssetHandler.m */,
				2110929CB3CD407791C5A40B /* CDVWKWebViewEngine.h */,
				F2776D610BF445D79566DC9E /* CDVWKWebViewUIDelegate.h */,
				66C61A2F1BA14094A6A29083 /* CDVWKProcessPoolFactory.h */,
				C88A653D6E504615A6F32D58 /* IONAssetHandler.h */,
				265885D7B8FF4E888559323F /* ActionSheet.m */,
				AA6854491534483E84A3AFA3 /* ActionSheet.h */,
				723A6B3A932E48189E060487 /* LaunchNavigatorPlugin.m */,
				70D21C7F42E14FC1BED6AB1E /* WE_CordovaLogger.m */,
				639CFFDEE6A3478792CE4613 /* LN_LaunchNavigator.m */,
				1772673819AD450092D206CA /* LN_Reachability.m */,
				A975F260EC0E4FF5A1FD8766 /* WE_Logger.m */,
				122B7D3E427D435BBAACA816 /* LaunchNavigatorPlugin.h */,
				FEBE3D9DD1534004AF42A75F /* WE_CordovaLogger.h */,
				74A9FCAC51604D9392566347 /* LN_LaunchNavigator.h */,
				635CF1ECD32E4E5EBCF5886E /* LN_Reachability.h */,
				897DEB5AA1B34291A7C3C56E /* WE_Logger.h */,
				A5DADA67DA2E4A84AFA63484 /* Diagnostic.m */,
				AC2789A8C44F4387939C130E /* Diagnostic_Location.m */,
				1505E83853F842B9A5A07D38 /* Diagnostic_Bluetooth.m */,
				61E7920B911341FF85C80C71 /* Diagnostic_Wifi.m */,
				759FC2B10187477B934BB264 /* Diagnostic_Camera.m */,
				A38A7F5B629A419889EF2263 /* Diagnostic_Notifications.m */,
				2287823766AA499985A7E5A1 /* Diagnostic_Microphone.m */,
				8AB1251EF61C4B408621AF75 /* Diagnostic_Contacts.m */,
				E36C2876B3DB40C4836EA42D /* Diagnostic_Calendar.m */,
				00DB6C9CF6BC44DB88B4BD3C /* Diagnostic_Reminders.m */,
				2E119CFCF2814AE680445322 /* Diagnostic_Motion.m */,
				45F188A27AE945CB82FF5545 /* Diagnostic.h */,
				F9E4F6C0BF794E08BF15BC31 /* Diagnostic_Location.h */,
				BE284C39BC8047DEBD3B19D1 /* Diagnostic_Bluetooth.h */,
				AF35E7D51ADD40E893FC5BCB /* Diagnostic_Wifi.h */,
				464EFB0801C9437D9E0B3BCB /* Diagnostic_Camera.h */,
				56E1D7A0536444BDA5D2B354 /* Diagnostic_Notifications.h */,
				49CF5337C16644D8B3715058 /* Diagnostic_Microphone.h */,
				81A87074F24C4484AD2C2750 /* Diagnostic_Contacts.h */,
				DE7D594A9B71431D9A4B3CB9 /* Diagnostic_Calendar.h */,
				6C267F23892B46E5AC51A272 /* Diagnostic_Reminders.h */,
				CF45897433DD47B69116724D /* Diagnostic_Motion.h */,
				A7F78F54F9A74B0691C8B605 /* CDVInAppBrowser.m */,
				B921F18DF1754AABABA68E64 /* CDVInAppBrowserOptions.m */,
				373D2B7F00F64D46BACAA944 /* CDVInAppBrowserNavigationController.m */,
				35D78EE89ABE4DDBA2CAD925 /* CDVUIInAppBrowser.m */,
				3EBEFF9E67294283BED11585 /* CDVWKInAppBrowser.m */,
				7F64050CC7ED4040BC33677C /* CDVWKInAppBrowserUIDelegate.m */,
				CF72E4A0D7C14B498D51F1E6 /* CDVInAppBrowser.h */,
				1F0DF8746DEC43E78551C9B8 /* CDVInAppBrowserOptions.h */,
				48DB9784BE984D0881606F42 /* CDVInAppBrowserNavigationController.h */,
				67C0DE215112402FA659F33D /* CDVUIInAppBrowser.h */,
				AC0E8B7C080E4DBD84F58FB1 /* CDVWKInAppBrowser.h */,
				C4B7E6CBE14048E0BA0DB713 /* CDVWKInAppBrowserUIDelegate.h */,
				6A8A1B354F6E48BAA55CA78F /* CDVSpinnerDialog.m */,
				A7F1A6656F6A4F8494D7CD7E /* CDVSpinnerDialog.h */,
			);
			name = Plugins;
			path = HurryBunny/Plugins;
			sourceTree = SOURCE_ROOT;
		};
		EB87FDF11871DA420020F90C /* Staging */ = {
			isa = PBXGroup;
			children = (
				F840E1F0165FE0F500CFE078 /* config.xml */,
				301BF56E109A69640062928A /* www */,
			);
			name = Staging;
			sourceTree = "<group>";
		};
/* End PBXGroup section */

/* Begin PBXNativeTarget section */
		1D6058900D05DD3D006BFB54 /* HurryBunny */ = {
			isa = PBXNativeTarget;
			buildConfigurationList = 1D6058960D05DD3E006BFB54 /* Build configuration list for PBXNativeTarget "HurryBunny" */;
			buildPhases = (
				304B58A110DAC018002A0835 /* Copy www directory */,
				1D60588D0D05DD3D006BFB54 /* Resources */,
				1D60588E0D05DD3D006BFB54 /* Sources */,
				1D60588F0D05DD3D006BFB54 /* Frameworks */,
			);
			buildRules = (
			);
			dependencies = (
				301BF551109A68C00062928A /* PBXTargetDependency */,
			);
			name = HurryBunny;
			productName = HurryBunny;
			productReference = 1D6058910D05DD3D006BFB54 /* HurryBunny.app */;
			productType = "com.apple.product-type.application";
		};
/* End PBXNativeTarget section */

/* Begin PBXProject section */
		29B97313FDCFA39411CA2CEA /* Project object */ = {
			isa = PBXProject;
			attributes = {
				LastUpgradeCheck = 510;
				TargetAttributes = {
					1D6058900D05DD3D006BFB54 = {
						DevelopmentTeam = 23S5SBKHGG;
						ProvisioningStyle = Automatic;
					};
				};
			};
			buildConfigurationList = C01FCF4E08A954540054247B /* Build configuration list for PBXProject "HurryBunny" */;
			compatibilityVersion = "Xcode 3.2";
			developmentRegion = English;
			hasScannedForEncodings = 1;
			knownRegions = (
				English,
				en,
				Base,
			);
			mainGroup = 29B97314FDCFA39411CA2CEA /* CustomTemplate */;
			projectDirPath = "";
			projectReferences = (
				{
					ProductGroup = 301BF52E109A57CC0062928A /* Products */;
					ProjectRef = 301BF52D109A57CC0062928A /* CordovaLib.xcodeproj */;
				},
			);
			projectRoot = "";
			targets = (
				1D6058900D05DD3D006BFB54 /* HurryBunny */,
			);
		};
/* End PBXProject section */

/* Begin PBXReferenceProxy section */
		301BF535109A57CC0062928A /* libCordova.a */ = {
			isa = PBXReferenceProxy;
			fileType = archive.ar;
			path = libCordova.a;
			remoteRef = 301BF534109A57CC0062928A /* PBXContainerItemProxy */;
			sourceTree = BUILT_PRODUCTS_DIR;
		};
		907D8124214C687600058A10 /* Cordova.framework */ = {
			isa = PBXReferenceProxy;
			fileType = wrapper.framework;
			path = Cordova.framework;
			remoteRef = 907D8123214C687600058A10 /* PBXContainerItemProxy */;
			sourceTree = BUILT_PRODUCTS_DIR;
		};
/* End PBXReferenceProxy section */

/* Begin PBXResourcesBuildPhase section */
		1D60588D0D05DD3D006BFB54 /* Resources */ = {
			isa = PBXResourcesBuildPhase;
			buildActionMask = 2147483647;
			files = (
				302D95F214D2391D003F00A1 /* MainViewController.xib in Resources */,
				0207DA581B56EA530066E2B4 /* Images.xcassets in Resources */,
				6AFF5BF91D6E424B00AB3073 /* CDVLaunchScreen.storyboard in Resources */,
				F419C6398BB244A7837D8661 /* CDVNotification.bundle in Resources */,
				9A2D1B283A7F413DB608BD9D /* GoogleService-Info.plist in Resources */,
			);
			runOnlyForDeploymentPostprocessing = 0;
		};
/* End PBXResourcesBuildPhase section */

/* Begin PBXShellScriptBuildPhase section */
		304B58A110DAC018002A0835 /* Copy www directory */ = {
			isa = PBXShellScriptBuildPhase;
			buildActionMask = 2147483647;
			files = (
			);
			inputPaths = (
			);
			name = "Copy www directory";
			outputPaths = (
			);
			runOnlyForDeploymentPostprocessing = 0;
			shellPath = /bin/sh;
			shellScript = "\"$SRCROOT/HurryBunny/Scripts/copy-www-build-step.sh\"";
			showEnvVarsInLog = 0;
		};
/* End PBXShellScriptBuildPhase section */

/* Begin PBXSourcesBuildPhase section */
		1D60588E0D05DD3D006BFB54 /* Sources */ = {
			isa = PBXSourcesBuildPhase;
			buildActionMask = 2147483647;
			files = (
				1D60589B0D05DD56006BFB54 /* main.m in Sources */,
				1D3623260D0F684500981E51 /* AppDelegate.m in Sources */,
				302D95F114D2391D003F00A1 /* MainViewController.m in Sources */,
				ACBA5FB524DB45D7B417BF22 /* APPBadge.m in Sources */,
				6870D5589961428AB88EBB11 /* CDVDevice.m in Sources */,
				7FFF8032A4D849899934A6AF /* CDVNotification.m in Sources */,
				0B8E8DED5C154C1DA1838D09 /* CDVFile.m in Sources */,
				25FF9D3294254C76ABC8BAA5 /* CDVLocalFilesystem.m in Sources */,
				836F86782281494FADC49A9C /* CDVAssetLibraryFilesystem.m in Sources */,
				4242236501D3430E8D132BF9 /* AppDelegate+FirebasePlugin.m in Sources */,
				59492D77E7104D29ABBF2880 /* FirebasePlugin.m in Sources */,
				494715A93B1A430F9928C124 /* CDVLocation.m in Sources */,
				6DC6701F2FC84EE3811445B1 /* CDVIonicKeyboard.m in Sources */,
				5853A20AF1E94C47B7E0CCA1 /* APPLocalNotification.m in Sources */,
				E72A308D3BFB4B96B6B48B69 /* APPNotificationContent.m in Sources */,
				6AF59CA1FA92460C82DBD6A6 /* APPNotificationOptions.m in Sources */,
				857849DC3B2244F3BD14489A /* UNUserNotificationCenter+APPLocalNotification.m in Sources */,
				566A5D1478934107878E5477 /* UNNotificationRequest+APPLocalNotification.m in Sources */,
				A2DBD7D8CC54426EA7F2EAC2 /* NativeGeocoder.swift in Sources */,
				5A325C74E9FD45BCA56A84F5 /* CDVConnection.m in Sources */,
				93530447D0AC40E493796034 /* CDVReachability.m in Sources */,
				A0E429FB7AF64F0CB932F427 /* RequestLocationAccuracy.m in Sources */,
				F7B7B43697814BED92C1A228 /* CDVSplashScreen.m in Sources */,
				3A94BC8A962E4806906218FC /* CDVViewController+SplashScreen.m in Sources */,
				45B7F2AD998F4960A17D995F /* CDVWKWebViewEngine.m in Sources */,
				B15DA72C799C428CBA46B9E0 /* CDVWKWebViewUIDelegate.m in Sources */,
				4CA861456A9041848B9F9B66 /* CDVWKProcessPoolFactory.m in Sources */,
				62A692A7557948D8B5801F18 /* IONAssetHandler.m in Sources */,
				65DCD085D9074FD5B40A6EEA /* ActionSheet.m in Sources */,
				ADA4FCCDEDE84FBDBFB6F22B /* LaunchNavigatorPlugin.m in Sources */,
				307AE002AAB34EDC9FBD1676 /* WE_CordovaLogger.m in Sources */,
				EC78BDEE69D04C0D83D74352 /* LN_LaunchNavigator.m in Sources */,
				B5DFA7F1ADDE44AA909D2B1D /* LN_Reachability.m in Sources */,
				5F9BFD1BDEC84FFEAAF3FE3D /* WE_Logger.m in Sources */,
				A258222DE9444C559B1CE3B0 /* Diagnostic.m in Sources */,
				505830EA97644B3981B15A80 /* Diagnostic_Location.m in Sources */,
				E56CF40C9E7F4A0581B07915 /* Diagnostic_Bluetooth.m in Sources */,
				6810DACC05C24778A343F05C /* Diagnostic_Wifi.m in Sources */,
				3E798BC921B24208AFC4A7E2 /* Diagnostic_Camera.m in Sources */,
				CED5844E9DA94A04A43488B1 /* Diagnostic_Notifications.m in Sources */,
				0A4F09260E6D4B898309BD9C /* Diagnostic_Microphone.m in Sources */,
				996AAEE5BB0040218725F0D0 /* Diagnostic_Contacts.m in Sources */,
				7AFEF6CA72014CF28247ABA3 /* Diagnostic_Calendar.m in Sources */,
				D0E8C4F165BA454EA332E452 /* Diagnostic_Reminders.m in Sources */,
				29F0E3EACDB54A6BBF2DCA9E /* Diagnostic_Motion.m in Sources */,
				8391D30D0C2449B29F6A2750 /* CDVInAppBrowser.m in Sources */,
				1CE8BFDCE26B4E9A82C77012 /* CDVInAppBrowserOptions.m in Sources */,
				84DE462A381C4EF3BF64D712 /* CDVInAppBrowserNavigationController.m in Sources */,
				7AF26BC321634D7490DCC8B1 /* CDVUIInAppBrowser.m in Sources */,
				A3954A9C4DEA45A4873DF61F /* CDVWKInAppBrowser.m in Sources */,
				43F637E779134AA1897F0AF6 /* CDVWKInAppBrowserUIDelegate.m in Sources */,
				0DAD1EA227ED4998A6998FE1 /* CDVSpinnerDialog.m in Sources */,
			);
			runOnlyForDeploymentPostprocessing = 0;
		};
/* End PBXSourcesBuildPhase section */

/* Begin PBXTargetDependency section */
		301BF551109A68C00062928A /* PBXTargetDependency */ = {
			isa = PBXTargetDependency;
			name = CordovaLib;
			targetProxy = 301BF550109A68C00062928A /* PBXContainerItemProxy */;
		};
/* End PBXTargetDependency section */

/* Begin XCBuildConfiguration section */
		1D6058940D05DD3E006BFB54 /* Debug */ = {
			isa = XCBuildConfiguration;
			baseConfigurationReference = 3047A50F1AB8059700498E2A /* build-debug.xcconfig */;
			buildSettings = {
				ALWAYS_SEARCH_USER_PATHS = NO;
				ASSETCATALOG_COMPILER_APPICON_NAME = AppIcon;
				ASSETCATALOG_COMPILER_LAUNCHIMAGE_NAME = LaunchImage;
				CLANG_ENABLE_MODULES = YES;
				CLANG_ENABLE_OBJC_ARC = YES;
				CODE_SIGN_IDENTITY = "Apple Development";
				CODE_SIGN_STYLE = Automatic;
				COPY_PHASE_STRIP = NO;
				CURRENT_PROJECT_VERSION = 0.2.5;
				DEVELOPMENT_TEAM = 23S5SBKHGG;
				FRAMEWORK_SEARCH_PATHS = (
					"$(inherited)",
					"\"HurryBunny/Plugins/cordova-plugin-firebase\"",
					"\"HurryBunny/Plugins/cordova-plugin-firebase\"",
					"\"HurryBunny/Plugins/cordova-plugin-firebase\"",
					"\"HurryBunny/Plugins/cordova-plugin-firebase\"",
					"\"HurryBunny/Plugins/cordova-plugin-firebase\"",
					"\"HurryBunny/Plugins/cordova-plugin-firebase\"",
					"\"HurryBunny/Plugins/cordova-plugin-firebase\"",
					"\"HurryBunny/Plugins/cordova-plugin-firebase\"",
					"\"HurryBunny/Plugins/cordova-plugin-firebase\"",
					"\"HurryBunny/Plugins/cordova-plugin-firebase\"",
					"\"HurryBunny/Plugins/cordova-plugin-firebase\"",
					"\"HurryBunny/Plugins/cordova-plugin-firebase\"",
					"\"HurryBunny/Plugins/cordova-plugin-firebase\"",
					"\"HurryBunny/Plugins/cordova-plugin-firebase\"",
					"\"HurryBunny/Plugins/cordova-plugin-firebase\"",
					"\"HurryBunny/Plugins/cordova-plugin-firebase\"",
					"\"HurryBunny/Plugins/cordova-plugin-firebase\"",
					"\"HurryBunny/Plugins/cordova-plugin-firebase\"",
					"\"HurryBunny/Plugins/cordova-plugin-stripe\"",
					"\"HurryBunny/Plugins/cordova-plugin-paytab\"",
					"\"HurryBunny/Plugins/cordova-plugin-paytab\"",
					"\"HurryBunny/Plugins/cordova-plugin-paytab\"",
					"\"HurryBunny/Plugins/cordova-plugin-paytab\"",
					"\"HurryBunny/Plugins/cordova-plugin-paytab\"",
					"\"HurryBunny/Plugins/cordova-plugin-paytab\"",
				);
				GCC_DYNAMIC_NO_PIC = NO;
				GCC_OPTIMIZATION_LEVEL = 0;
				GCC_PRECOMPILE_PREFIX_HEADER = YES;
				GCC_PREFIX_HEADER = "HurryBunny/HurryBunny-Prefix.pch";
				GCC_THUMB_SUPPORT = NO;
				GCC_VERSION = "";
				INFOPLIST_FILE = "HurryBunny/HurryBunny-Info.plist";
				IPHONEOS_DEPLOYMENT_TARGET = 11.0;
				LD_RUNPATH_SEARCH_PATHS = "@executable_path/Frameworks";
				MARKETING_VERSION = 0.2.5;
				PRODUCT_BUNDLE_IDENTIFIER = com.appsmatic.ionic.hurrybunnyy;
				PRODUCT_NAME = "$(TARGET_NAME)";
				PROVISIONING_PROFILE_SPECIFIER = "";
				SWIFT_VERSION = 4.2;
				TARGETED_DEVICE_FAMILY = 1;
				WK_WEB_VIEW_ONLY = 1;
				LIBRARY_SEARCH_PATHS = (
					"$(inherited)",
				);
				SWIFT_OBJC_BRIDGING_HEADER = "$(PROJECT_DIR)/$(PROJECT_NAME)/Bridging-Header.h";
				ALWAYS_EMBED_SWIFT_STANDARD_LIBRARIES = YES;
				SWIFT_OPTIMIZATION_LEVEL = "-Onone";
			};
			name = Debug;
		};
		1D6058950D05DD3E006BFB54 /* Release */ = {
			isa = XCBuildConfiguration;
			baseConfigurationReference = 3047A5101AB8059700498E2A /* build-release.xcconfig */;
			buildSettings = {
				ALWAYS_SEARCH_USER_PATHS = NO;
				ASSETCATALOG_COMPILER_APPICON_NAME = AppIcon;
				ASSETCATALOG_COMPILER_LAUNCHIMAGE_NAME = LaunchImage;
				CLANG_ENABLE_MODULES = YES;
				CLANG_ENABLE_OBJC_ARC = YES;
				CODE_SIGN_IDENTITY = "Apple Development";
				CODE_SIGN_STYLE = Automatic;
				COPY_PHASE_STRIP = YES;
				CURRENT_PROJECT_VERSION = 0.2.5;
				DEVELOPMENT_TEAM = 23S5SBKHGG;
				FRAMEWORK_SEARCH_PATHS = (
					"$(inherited)",
					"\"HurryBunny/Plugins/cordova-plugin-firebase\"",
					"\"HurryBunny/Plugins/cordova-plugin-firebase\"",
					"\"HurryBunny/Plugins/cordova-plugin-firebase\"",
					"\"HurryBunny/Plugins/cordova-plugin-firebase\"",
					"\"HurryBunny/Plugins/cordova-plugin-firebase\"",
					"\"HurryBunny/Plugins/cordova-plugin-firebase\"",
					"\"HurryBunny/Plugins/cordova-plugin-firebase\"",
					"\"HurryBunny/Plugins/cordova-plugin-firebase\"",
					"\"HurryBunny/Plugins/cordova-plugin-firebase\"",
					"\"HurryBunny/Plugins/cordova-plugin-firebase\"",
					"\"HurryBunny/Plugins/cordova-plugin-firebase\"",
					"\"HurryBunny/Plugins/cordova-plugin-firebase\"",
					"\"HurryBunny/Plugins/cordova-plugin-firebase\"",
					"\"HurryBunny/Plugins/cordova-plugin-firebase\"",
					"\"HurryBunny/Plugins/cordova-plugin-firebase\"",
					"\"HurryBunny/Plugins/cordova-plugin-firebase\"",
					"\"HurryBunny/Plugins/cordova-plugin-firebase\"",
					"\"HurryBunny/Plugins/cordova-plugin-firebase\"",
					"\"HurryBunny/Plugins/cordova-plugin-stripe\"",
					"\"HurryBunny/Plugins/cordova-plugin-paytab\"",
					"\"HurryBunny/Plugins/cordova-plugin-paytab\"",
					"\"HurryBunny/Plugins/cordova-plugin-paytab\"",
					"\"HurryBunny/Plugins/cordova-plugin-paytab\"",
					"\"HurryBunny/Plugins/cordova-plugin-paytab\"",
					"\"HurryBunny/Plugins/cordova-plugin-paytab\"",
				);
				GCC_PRECOMPILE_PREFIX_HEADER = YES;
				GCC_PREFIX_HEADER = "HurryBunny/HurryBunny-Prefix.pch";
				GCC_THUMB_SUPPORT = NO;
				GCC_VERSION = "";
				INFOPLIST_FILE = "HurryBunny/HurryBunny-Info.plist";
				IPHONEOS_DEPLOYMENT_TARGET = 11.0;
				LD_RUNPATH_SEARCH_PATHS = "@executable_path/Frameworks";
				MARKETING_VERSION = 0.2.5;
				PRODUCT_BUNDLE_IDENTIFIER = com.appsmatic.ionic.hurrybunnyy;
				PRODUCT_NAME = "$(TARGET_NAME)";
				PROVISIONING_PROFILE_SPECIFIER = "";
				SWIFT_VERSION = 4.2;
				TARGETED_DEVICE_FAMILY = 1;
				WK_WEB_VIEW_ONLY = 1;
				LIBRARY_SEARCH_PATHS = (
					"$(inherited)",
				);
				SWIFT_OBJC_BRIDGING_HEADER = "$(PROJECT_DIR)/$(PROJECT_NAME)/Bridging-Header.h";
				ALWAYS_EMBED_SWIFT_STANDARD_LIBRARIES = YES;
			};
			name = Release;
		};
		C01FCF4F08A954540054247B /* Debug */ = {
			isa = XCBuildConfiguration;
			baseConfigurationReference = 3047A5111AB8059700498E2A /* build.xcconfig */;
			buildSettings = {
				CLANG_ENABLE_MODULES = YES;
				CLANG_ENABLE_OBJC_ARC = YES;
				CLANG_WARN_BLOCK_CAPTURE_AUTORELEASING = YES;
				CLANG_WARN_BOOL_CONVERSION = YES;
				CLANG_WARN_COMMA = YES;
				CLANG_WARN_CONSTANT_CONVERSION = YES;
				CLANG_WARN_DEPRECATED_OBJC_IMPLEMENTATIONS = YES;
				CLANG_WARN_EMPTY_BODY = YES;
				CLANG_WARN_ENUM_CONVERSION = YES;
				CLANG_WARN_INFINITE_RECURSION = YES;
				CLANG_WARN_INT_CONVERSION = YES;
				CLANG_WARN_NON_LITERAL_NULL_CONVERSION = YES;
				CLANG_WARN_OBJC_IMPLICIT_RETAIN_SELF = YES;
				CLANG_WARN_OBJC_LITERAL_CONVERSION = YES;
				CLANG_WARN_RANGE_LOOP_ANALYSIS = YES;
				CLANG_WARN_STRICT_PROTOTYPES = YES;
				CLANG_WARN_SUSPICIOUS_MOVE = YES;
				CLANG_WARN_UNREACHABLE_CODE = YES;
				CLANG_WARN__DUPLICATE_METHOD_MATCH = YES;
				ENABLE_STRICT_OBJC_MSGSEND = YES;
				ENABLE_TESTABILITY = YES;
				GCC_C_LANGUAGE_STANDARD = c99;
				GCC_NO_COMMON_BLOCKS = YES;
				GCC_THUMB_SUPPORT = NO;
				GCC_VERSION = "";
				GCC_WARN_64_TO_32_BIT_CONVERSION = YES;
				GCC_WARN_ABOUT_RETURN_TYPE = YES;
				GCC_WARN_UNDECLARED_SELECTOR = YES;
				GCC_WARN_UNINITIALIZED_AUTOS = YES;
				GCC_WARN_UNUSED_FUNCTION = YES;
				GCC_WARN_UNUSED_VARIABLE = YES;
				IPHONEOS_DEPLOYMENT_TARGET = 11.0;
				ONLY_ACTIVE_ARCH = YES;
				PRODUCT_BUNDLE_IDENTIFIER = com.appsmatic.ionic.hurrybunnyy;
				SDKROOT = iphoneos;
				SKIP_INSTALL = NO;
				SWIFT_VERSION = "";
				WK_WEB_VIEW_ONLY = 1;
				SWIFT_OBJC_BRIDGING_HEADER = "$(PROJECT_DIR)/$(PROJECT_NAME)/Bridging-Header.h";
				ALWAYS_EMBED_SWIFT_STANDARD_LIBRARIES = YES;
				SWIFT_OPTIMIZATION_LEVEL = "-Onone";
			};
			name = Debug;
		};
		C01FCF5008A954540054247B /* Release */ = {
			isa = XCBuildConfiguration;
			baseConfigurationReference = 3047A5111AB8059700498E2A /* build.xcconfig */;
			buildSettings = {
				CLANG_ENABLE_MODULES = YES;
				CLANG_ENABLE_OBJC_ARC = YES;
				CLANG_WARN_BLOCK_CAPTURE_AUTORELEASING = YES;
				CLANG_WARN_BOOL_CONVERSION = YES;
				CLANG_WARN_COMMA = YES;
				CLANG_WARN_CONSTANT_CONVERSION = YES;
				CLANG_WARN_DEPRECATED_OBJC_IMPLEMENTATIONS = YES;
				CLANG_WARN_EMPTY_BODY = YES;
				CLANG_WARN_ENUM_CONVERSION = YES;
				CLANG_WARN_INFINITE_RECURSION = YES;
				CLANG_WARN_INT_CONVERSION = YES;
				CLANG_WARN_NON_LITERAL_NULL_CONVERSION = YES;
				CLANG_WARN_OBJC_IMPLICIT_RETAIN_SELF = YES;
				CLANG_WARN_OBJC_LITERAL_CONVERSION = YES;
				CLANG_WARN_RANGE_LOOP_ANALYSIS = YES;
				CLANG_WARN_STRICT_PROTOTYPES = YES;
				CLANG_WARN_SUSPICIOUS_MOVE = YES;
				CLANG_WARN_UNREACHABLE_CODE = YES;
				CLANG_WARN__DUPLICATE_METHOD_MATCH = YES;
				ENABLE_STRICT_OBJC_MSGSEND = YES;
				GCC_C_LANGUAGE_STANDARD = c99;
				GCC_NO_COMMON_BLOCKS = YES;
				GCC_THUMB_SUPPORT = NO;
				GCC_VERSION = "";
				GCC_WARN_64_TO_32_BIT_CONVERSION = YES;
				GCC_WARN_ABOUT_RETURN_TYPE = YES;
				GCC_WARN_UNDECLARED_SELECTOR = YES;
				GCC_WARN_UNINITIALIZED_AUTOS = YES;
				GCC_WARN_UNUSED_FUNCTION = YES;
				GCC_WARN_UNUSED_VARIABLE = YES;
				IPHONEOS_DEPLOYMENT_TARGET = 11.0;
				PRODUCT_BUNDLE_IDENTIFIER = com.appsmatic.ionic.hurrybunnyy;
				SDKROOT = iphoneos;
				SKIP_INSTALL = NO;
				SWIFT_VERSION = "";
				WK_WEB_VIEW_ONLY = 1;
				SWIFT_OBJC_BRIDGING_HEADER = "$(PROJECT_DIR)/$(PROJECT_NAME)/Bridging-Header.h";
				ALWAYS_EMBED_SWIFT_STANDARD_LIBRARIES = YES;
			};
			name = Release;
		};
/* End XCBuildConfiguration section */

/* Begin XCConfigurationList section */
		1D6058960D05DD3E006BFB54 /* Build configuration list for PBXNativeTarget "HurryBunny" */ = {
			isa = XCConfigurationList;
			buildConfigurations = (
				1D6058940D05DD3E006BFB54 /* Debug */,
				1D6058950D05DD3E006BFB54 /* Release */,
			);
			defaultConfigurationIsVisible = 0;
			defaultConfigurationName = Release;
		};
		C01FCF4E08A954540054247B /* Build configuration list for PBXProject "HurryBunny" */ = {
			isa = XCConfigurationList;
			buildConfigurations = (
				C01FCF4F08A954540054247B /* Debug */,
				C01FCF5008A954540054247B /* Release */,
			);
			defaultConfigurationIsVisible = 0;
			defaultConfigurationName = Release;
		};
/* End XCConfigurationList section */
	};
	rootObject = 29B97313FDCFA39411CA2CEA /* Project object */;
}
